// !$*UTF8*$!
{
	archiveVersion = 1;
	classes = {
	};
	objectVersion = 52;
	objects = {

/* Begin PBXBuildFile section */
		C704137825EDF8FB000FFC87 /* AppDelegate.swift in Sources */ = {isa = PBXBuildFile; fileRef = C704137725EDF8FB000FFC87 /* AppDelegate.swift */; };
		C704137A25EDF8FB000FFC87 /* SceneDelegate.swift in Sources */ = {isa = PBXBuildFile; fileRef = C704137925EDF8FB000FFC87 /* SceneDelegate.swift */; };
		C704137E25EDF8FC000FFC87 /* Assets.xcassets in Resources */ = {isa = PBXBuildFile; fileRef = C704137D25EDF8FC000FFC87 /* Assets.xcassets */; };
		C704138125EDF8FC000FFC87 /* Preview Assets.xcassets in Resources */ = {isa = PBXBuildFile; fileRef = C704138025EDF8FC000FFC87 /* Preview Assets.xcassets */; };
		C704138425EDF8FC000FFC87 /* LaunchScreen.storyboard in Resources */ = {isa = PBXBuildFile; fileRef = C704138225EDF8FC000FFC87 /* LaunchScreen.storyboard */; };
		C704138F25EDF8FC000FFC87 /* DinoMovieDBTests.swift in Sources */ = {isa = PBXBuildFile; fileRef = C704138E25EDF8FC000FFC87 /* DinoMovieDBTests.swift */; };
		C704139A25EDF8FD000FFC87 /* DinoMovieDBUITests.swift in Sources */ = {isa = PBXBuildFile; fileRef = C704139925EDF8FD000FFC87 /* DinoMovieDBUITests.swift */; };
		C70413B325EDFC3C000FFC87 /* ColorAssets.xcassets in Resources */ = {isa = PBXBuildFile; fileRef = C70413B225EDFC3C000FFC87 /* ColorAssets.xcassets */; };
		C718184E25F345D00039FCDF /* TMDBLogin.swift in Sources */ = {isa = PBXBuildFile; fileRef = C718184D25F345D00039FCDF /* TMDBLogin.swift */; };
		C718185425F3477D0039FCDF /* ActivityIndicator.swift in Sources */ = {isa = PBXBuildFile; fileRef = C718185325F3477D0039FCDF /* ActivityIndicator.swift */; };
		C718185C25F348840039FCDF /* TMDBActivityIndicatorModifier.swift in Sources */ = {isa = PBXBuildFile; fileRef = C718185B25F348840039FCDF /* TMDBActivityIndicatorModifier.swift */; };
		C718186525F352C20039FCDF /* TMDBError.swift in Sources */ = {isa = PBXBuildFile; fileRef = C718186425F352C20039FCDF /* TMDBError.swift */; };
		C775ABBA25F35CB2002D39D8 /* HomeViewController.swift in Sources */ = {isa = PBXBuildFile; fileRef = C775ABB925F35CB2002D39D8 /* HomeViewController.swift */; };
		C775ABBF25F35DCB002D39D8 /* MovieListViewController.swift in Sources */ = {isa = PBXBuildFile; fileRef = C775ABBE25F35DCB002D39D8 /* MovieListViewController.swift */; };
		C775ABC425F35ECB002D39D8 /* ItemDetail.swift in Sources */ = {isa = PBXBuildFile; fileRef = C775ABC325F35ECB002D39D8 /* ItemDetail.swift */; };
		C775ABC925F35F91002D39D8 /* ItemDetailViewModel.swift in Sources */ = {isa = PBXBuildFile; fileRef = C775ABC825F35F91002D39D8 /* ItemDetailViewModel.swift */; };
		C775ABCF25F36546002D39D8 /* Kingfisher in Frameworks */ = {isa = PBXBuildFile; productRef = C775ABCE25F36546002D39D8 /* Kingfisher */; };
		C778E86725F5ACDD00C97CB4 /* MovieListView.swift in Sources */ = {isa = PBXBuildFile; fileRef = C778E86625F5ACDD00C97CB4 /* MovieListView.swift */; };
		C77C8B7B25F093E800961122 /* TMDBTextField.swift in Sources */ = {isa = PBXBuildFile; fileRef = C77C8B7A25F093E800961122 /* TMDBTextField.swift */; };
		C77C8B8125F0967600961122 /* TMDBPlaceholderModifier.swift in Sources */ = {isa = PBXBuildFile; fileRef = C77C8B8025F0967600961122 /* TMDBPlaceholderModifier.swift */; };
		C77C8B8F25F0983D00961122 /* TMDBButtonStyle.swift in Sources */ = {isa = PBXBuildFile; fileRef = C77C8B8E25F0983D00961122 /* TMDBButtonStyle.swift */; };
		C77C8B9725F0999100961122 /* LoginView.swift in Sources */ = {isa = PBXBuildFile; fileRef = C77C8B9625F0999100961122 /* LoginView.swift */; };
		C77C8BB525F0A2C000961122 /* Moya in Frameworks */ = {isa = PBXBuildFile; productRef = C77C8BB425F0A2C000961122 /* Moya */; };
		C77C8BC225F0A3BF00961122 /* MoyaRequester.swift in Sources */ = {isa = PBXBuildFile; fileRef = C77C8BC125F0A3BF00961122 /* MoyaRequester.swift */; };
		C77C8BCC25F0AB0800961122 /* RequestToken.swift in Sources */ = {isa = PBXBuildFile; fileRef = C77C8BCB25F0AB0800961122 /* RequestToken.swift */; };
		C77C8BD425F0AC0300961122 /* AuthenticationTarget.swift in Sources */ = {isa = PBXBuildFile; fileRef = C77C8BD325F0AC0300961122 /* AuthenticationTarget.swift */; };
		C77C8BDC25F0AC1400961122 /* MoyaTargetType.swift in Sources */ = {isa = PBXBuildFile; fileRef = C77C8BDB25F0AC1400961122 /* MoyaTargetType.swift */; };
		C77C8BE225F0ACBE00961122 /* TMDBConfiguration.swift in Sources */ = {isa = PBXBuildFile; fileRef = C77C8BE125F0ACBE00961122 /* TMDBConfiguration.swift */; };
		C77C8BEF25F0AEFF00961122 /* AuthenticationService.swift in Sources */ = {isa = PBXBuildFile; fileRef = C77C8BEE25F0AEFF00961122 /* AuthenticationService.swift */; };
		C77C8BFD25F0B25600961122 /* LoginViewController.swift in Sources */ = {isa = PBXBuildFile; fileRef = C77C8BFC25F0B25600961122 /* LoginViewController.swift */; };
		C77C8C0525F0B27400961122 /* UIViewController+Extensions.swift in Sources */ = {isa = PBXBuildFile; fileRef = C77C8C0425F0B27400961122 /* UIViewController+Extensions.swift */; };
		C77C8C0E25F0B33C00961122 /* TinyConstraints in Frameworks */ = {isa = PBXBuildFile; productRef = C77C8C0D25F0B33C00961122 /* TinyConstraints */; };
		C77C8C1A25F0B6E200961122 /* LoginViewModel.swift in Sources */ = {isa = PBXBuildFile; fileRef = C77C8C1925F0B6E200961122 /* LoginViewModel.swift */; };
		C78DA7B325F87F0C009DCE37 /* Rswift in Frameworks */ = {isa = PBXBuildFile; productRef = C78DA7B225F87F0C009DCE37 /* Rswift */; };
		C78DA7D425F881A2009DCE37 /* R.generated.swift in Sources */ = {isa = PBXBuildFile; fileRef = C78DA7D325F881A2009DCE37 /* R.generated.swift */; };
		C7A4D8A525F5B44000284AD8 /* MovieListViewModel.swift in Sources */ = {isa = PBXBuildFile; fileRef = C7A4D8A425F5B44000284AD8 /* MovieListViewModel.swift */; };
		C7A4D8AB25F5B86A00284AD8 /* TMDBMainCoordinator.swift in Sources */ = {isa = PBXBuildFile; fileRef = C7A4D8AA25F5B86A00284AD8 /* TMDBMainCoordinator.swift */; };
		C7A4D8B125F5B9EF00284AD8 /* TMDBWindow.swift in Sources */ = {isa = PBXBuildFile; fileRef = C7A4D8B025F5B9EF00284AD8 /* TMDBWindow.swift */; };
		C7A4D8B925F5BB0800284AD8 /* UIWindow+Extensions.swift in Sources */ = {isa = PBXBuildFile; fileRef = C7A4D8B825F5BB0800284AD8 /* UIWindow+Extensions.swift */; };
		C7A4D8C125F5BCAE00284AD8 /* NotificationCenter+Extensions.swift in Sources */ = {isa = PBXBuildFile; fileRef = C7A4D8C025F5BCAE00284AD8 /* NotificationCenter+Extensions.swift */; };
/* End PBXBuildFile section */

/* Begin PBXContainerItemProxy section */
		C704138B25EDF8FC000FFC87 /* PBXContainerItemProxy */ = {
			isa = PBXContainerItemProxy;
			containerPortal = C704136C25EDF8FB000FFC87 /* Project object */;
			proxyType = 1;
			remoteGlobalIDString = C704137325EDF8FB000FFC87;
			remoteInfo = DinoMovieDB;
		};
		C704139625EDF8FD000FFC87 /* PBXContainerItemProxy */ = {
			isa = PBXContainerItemProxy;
			containerPortal = C704136C25EDF8FB000FFC87 /* Project object */;
			proxyType = 1;
			remoteGlobalIDString = C704137325EDF8FB000FFC87;
			remoteInfo = DinoMovieDB;
		};
/* End PBXContainerItemProxy section */

/* Begin PBXFileReference section */
		C704137425EDF8FB000FFC87 /* DinoMovieDB.app */ = {isa = PBXFileReference; explicitFileType = wrapper.application; includeInIndex = 0; path = DinoMovieDB.app; sourceTree = BUILT_PRODUCTS_DIR; };
		C704137725EDF8FB000FFC87 /* AppDelegate.swift */ = {isa = PBXFileReference; lastKnownFileType = sourcecode.swift; path = AppDelegate.swift; sourceTree = "<group>"; };
		C704137925EDF8FB000FFC87 /* SceneDelegate.swift */ = {isa = PBXFileReference; lastKnownFileType = sourcecode.swift; path = SceneDelegate.swift; sourceTree = "<group>"; };
		C704137D25EDF8FC000FFC87 /* Assets.xcassets */ = {isa = PBXFileReference; lastKnownFileType = folder.assetcatalog; path = Assets.xcassets; sourceTree = "<group>"; };
		C704138025EDF8FC000FFC87 /* Preview Assets.xcassets */ = {isa = PBXFileReference; lastKnownFileType = folder.assetcatalog; path = "Preview Assets.xcassets"; sourceTree = "<group>"; };
		C704138325EDF8FC000FFC87 /* Base */ = {isa = PBXFileReference; lastKnownFileType = file.storyboard; name = Base; path = Base.lproj/LaunchScreen.storyboard; sourceTree = "<group>"; };
		C704138525EDF8FC000FFC87 /* Info.plist */ = {isa = PBXFileReference; lastKnownFileType = text.plist.xml; path = Info.plist; sourceTree = "<group>"; };
		C704138A25EDF8FC000FFC87 /* DinoMovieDBTests.xctest */ = {isa = PBXFileReference; explicitFileType = wrapper.cfbundle; includeInIndex = 0; path = DinoMovieDBTests.xctest; sourceTree = BUILT_PRODUCTS_DIR; };
		C704138E25EDF8FC000FFC87 /* DinoMovieDBTests.swift */ = {isa = PBXFileReference; lastKnownFileType = sourcecode.swift; path = DinoMovieDBTests.swift; sourceTree = "<group>"; };
		C704139025EDF8FC000FFC87 /* Info.plist */ = {isa = PBXFileReference; lastKnownFileType = text.plist.xml; path = Info.plist; sourceTree = "<group>"; };
		C704139525EDF8FD000FFC87 /* DinoMovieDBUITests.xctest */ = {isa = PBXFileReference; explicitFileType = wrapper.cfbundle; includeInIndex = 0; path = DinoMovieDBUITests.xctest; sourceTree = BUILT_PRODUCTS_DIR; };
		C704139925EDF8FD000FFC87 /* DinoMovieDBUITests.swift */ = {isa = PBXFileReference; lastKnownFileType = sourcecode.swift; path = DinoMovieDBUITests.swift; sourceTree = "<group>"; };
		C704139B25EDF8FD000FFC87 /* Info.plist */ = {isa = PBXFileReference; lastKnownFileType = text.plist.xml; path = Info.plist; sourceTree = "<group>"; };
		C70413B225EDFC3C000FFC87 /* ColorAssets.xcassets */ = {isa = PBXFileReference; lastKnownFileType = folder.assetcatalog; path = ColorAssets.xcassets; sourceTree = "<group>"; };
		C718184D25F345D00039FCDF /* TMDBLogin.swift */ = {isa = PBXFileReference; lastKnownFileType = sourcecode.swift; path = TMDBLogin.swift; sourceTree = "<group>"; };
		C718185325F3477D0039FCDF /* ActivityIndicator.swift */ = {isa = PBXFileReference; lastKnownFileType = sourcecode.swift; path = ActivityIndicator.swift; sourceTree = "<group>"; };
		C718185B25F348840039FCDF /* TMDBActivityIndicatorModifier.swift */ = {isa = PBXFileReference; lastKnownFileType = sourcecode.swift; path = TMDBActivityIndicatorModifier.swift; sourceTree = "<group>"; };
		C718186425F352C20039FCDF /* TMDBError.swift */ = {isa = PBXFileReference; lastKnownFileType = sourcecode.swift; path = TMDBError.swift; sourceTree = "<group>"; };
		C775ABB925F35CB2002D39D8 /* HomeViewController.swift */ = {isa = PBXFileReference; lastKnownFileType = sourcecode.swift; path = HomeViewController.swift; sourceTree = "<group>"; };
		C775ABBE25F35DCB002D39D8 /* MovieListViewController.swift */ = {isa = PBXFileReference; lastKnownFileType = sourcecode.swift; path = MovieListViewController.swift; sourceTree = "<group>"; };
		C775ABC325F35ECB002D39D8 /* ItemDetail.swift */ = {isa = PBXFileReference; lastKnownFileType = sourcecode.swift; path = ItemDetail.swift; sourceTree = "<group>"; };
		C775ABC825F35F91002D39D8 /* ItemDetailViewModel.swift */ = {isa = PBXFileReference; lastKnownFileType = sourcecode.swift; path = ItemDetailViewModel.swift; sourceTree = "<group>"; };
		C778E86625F5ACDD00C97CB4 /* MovieListView.swift */ = {isa = PBXFileReference; lastKnownFileType = sourcecode.swift; path = MovieListView.swift; sourceTree = "<group>"; };
		C77C8B5B25F0915500961122 /* es-419 */ = {isa = PBXFileReference; lastKnownFileType = text.plist.strings; name = "es-419"; path = "es-419.lproj/LaunchScreen.strings"; sourceTree = "<group>"; };
		C77C8B7A25F093E800961122 /* TMDBTextField.swift */ = {isa = PBXFileReference; lastKnownFileType = sourcecode.swift; path = TMDBTextField.swift; sourceTree = "<group>"; };
		C77C8B8025F0967600961122 /* TMDBPlaceholderModifier.swift */ = {isa = PBXFileReference; lastKnownFileType = sourcecode.swift; path = TMDBPlaceholderModifier.swift; sourceTree = "<group>"; };
		C77C8B8E25F0983D00961122 /* TMDBButtonStyle.swift */ = {isa = PBXFileReference; lastKnownFileType = sourcecode.swift; path = TMDBButtonStyle.swift; sourceTree = "<group>"; };
		C77C8B9625F0999100961122 /* LoginView.swift */ = {isa = PBXFileReference; lastKnownFileType = sourcecode.swift; path = LoginView.swift; sourceTree = "<group>"; };
		C77C8BC125F0A3BF00961122 /* MoyaRequester.swift */ = {isa = PBXFileReference; lastKnownFileType = sourcecode.swift; path = MoyaRequester.swift; sourceTree = "<group>"; };
		C77C8BCB25F0AB0800961122 /* RequestToken.swift */ = {isa = PBXFileReference; lastKnownFileType = sourcecode.swift; path = RequestToken.swift; sourceTree = "<group>"; };
		C77C8BD325F0AC0300961122 /* AuthenticationTarget.swift */ = {isa = PBXFileReference; lastKnownFileType = sourcecode.swift; path = AuthenticationTarget.swift; sourceTree = "<group>"; };
		C77C8BDB25F0AC1400961122 /* MoyaTargetType.swift */ = {isa = PBXFileReference; lastKnownFileType = sourcecode.swift; path = MoyaTargetType.swift; sourceTree = "<group>"; };
		C77C8BE125F0ACBE00961122 /* TMDBConfiguration.swift */ = {isa = PBXFileReference; lastKnownFileType = sourcecode.swift; path = TMDBConfiguration.swift; sourceTree = "<group>"; };
		C77C8BEE25F0AEFF00961122 /* AuthenticationService.swift */ = {isa = PBXFileReference; lastKnownFileType = sourcecode.swift; path = AuthenticationService.swift; sourceTree = "<group>"; };
		C77C8BFC25F0B25600961122 /* LoginViewController.swift */ = {isa = PBXFileReference; lastKnownFileType = sourcecode.swift; path = LoginViewController.swift; sourceTree = "<group>"; };
		C77C8C0425F0B27400961122 /* UIViewController+Extensions.swift */ = {isa = PBXFileReference; lastKnownFileType = sourcecode.swift; path = "UIViewController+Extensions.swift"; sourceTree = "<group>"; };
		C77C8C1925F0B6E200961122 /* LoginViewModel.swift */ = {isa = PBXFileReference; lastKnownFileType = sourcecode.swift; path = LoginViewModel.swift; sourceTree = "<group>"; };
		C78DA7D325F881A2009DCE37 /* R.generated.swift */ = {isa = PBXFileReference; fileEncoding = 4; lastKnownFileType = sourcecode.swift; path = R.generated.swift; sourceTree = "<group>"; };
		C7A4D8A425F5B44000284AD8 /* MovieListViewModel.swift */ = {isa = PBXFileReference; lastKnownFileType = sourcecode.swift; path = MovieListViewModel.swift; sourceTree = "<group>"; };
		C7A4D8AA25F5B86A00284AD8 /* TMDBMainCoordinator.swift */ = {isa = PBXFileReference; lastKnownFileType = sourcecode.swift; path = TMDBMainCoordinator.swift; sourceTree = "<group>"; };
		C7A4D8B025F5B9EF00284AD8 /* TMDBWindow.swift */ = {isa = PBXFileReference; lastKnownFileType = sourcecode.swift; path = TMDBWindow.swift; sourceTree = "<group>"; };
		C7A4D8B825F5BB0800284AD8 /* UIWindow+Extensions.swift */ = {isa = PBXFileReference; lastKnownFileType = sourcecode.swift; path = "UIWindow+Extensions.swift"; sourceTree = "<group>"; };
		C7A4D8C025F5BCAE00284AD8 /* NotificationCenter+Extensions.swift */ = {isa = PBXFileReference; lastKnownFileType = sourcecode.swift; path = "NotificationCenter+Extensions.swift"; sourceTree = "<group>"; };
/* End PBXFileReference section */

/* Begin PBXFrameworksBuildPhase section */
		C704137125EDF8FB000FFC87 /* Frameworks */ = {
			isa = PBXFrameworksBuildPhase;
			buildActionMask = 2147483647;
			files = (
				C775ABCF25F36546002D39D8 /* Kingfisher in Frameworks */,
				C78DA7B325F87F0C009DCE37 /* Rswift in Frameworks */,
				C77C8BB525F0A2C000961122 /* Moya in Frameworks */,
				C77C8C0E25F0B33C00961122 /* TinyConstraints in Frameworks */,
			);
			runOnlyForDeploymentPostprocessing = 0;
		};
		C704138725EDF8FC000FFC87 /* Frameworks */ = {
			isa = PBXFrameworksBuildPhase;
			buildActionMask = 2147483647;
			files = (
			);
			runOnlyForDeploymentPostprocessing = 0;
		};
		C704139225EDF8FD000FFC87 /* Frameworks */ = {
			isa = PBXFrameworksBuildPhase;
			buildActionMask = 2147483647;
			files = (
			);
			runOnlyForDeploymentPostprocessing = 0;
		};
/* End PBXFrameworksBuildPhase section */

/* Begin PBXGroup section */
		C704136B25EDF8FB000FFC87 = {
			isa = PBXGroup;
			children = (
				C704137625EDF8FB000FFC87 /* DinoMovieDB */,
				C78DA7D325F881A2009DCE37 /* R.generated.swift */,
				C704138D25EDF8FC000FFC87 /* DinoMovieDBTests */,
				C704139825EDF8FD000FFC87 /* DinoMovieDBUITests */,
				C704137525EDF8FB000FFC87 /* Products */,
			);
			sourceTree = "<group>";
		};
		C704137525EDF8FB000FFC87 /* Products */ = {
			isa = PBXGroup;
			children = (
				C704137425EDF8FB000FFC87 /* DinoMovieDB.app */,
				C704138A25EDF8FC000FFC87 /* DinoMovieDBTests.xctest */,
				C704139525EDF8FD000FFC87 /* DinoMovieDBUITests.xctest */,
			);
			name = Products;
			sourceTree = "<group>";
		};
		C704137625EDF8FB000FFC87 /* DinoMovieDB */ = {
			isa = PBXGroup;
			children = (
				C70413AD25EDFB3D000FFC87 /* SupportingFiles */,
				C77C8BE025F0ACAF00961122 /* Configuration */,
				C70413B125EDFB9F000FFC87 /* Sources */,
				C704138525EDF8FC000FFC87 /* Info.plist */,
				C704137F25EDF8FC000FFC87 /* Preview Content */,
			);
			path = DinoMovieDB;
			sourceTree = "<group>";
		};
		C704137F25EDF8FC000FFC87 /* Preview Content */ = {
			isa = PBXGroup;
			children = (
				C704138025EDF8FC000FFC87 /* Preview Assets.xcassets */,
			);
			path = "Preview Content";
			sourceTree = "<group>";
		};
		C704138D25EDF8FC000FFC87 /* DinoMovieDBTests */ = {
			isa = PBXGroup;
			children = (
				C704138E25EDF8FC000FFC87 /* DinoMovieDBTests.swift */,
				C704139025EDF8FC000FFC87 /* Info.plist */,
			);
			path = DinoMovieDBTests;
			sourceTree = "<group>";
		};
		C704139825EDF8FD000FFC87 /* DinoMovieDBUITests */ = {
			isa = PBXGroup;
			children = (
				C704139925EDF8FD000FFC87 /* DinoMovieDBUITests.swift */,
				C704139B25EDF8FD000FFC87 /* Info.plist */,
			);
			path = DinoMovieDBUITests;
			sourceTree = "<group>";
		};
		C70413AD25EDFB3D000FFC87 /* SupportingFiles */ = {
			isa = PBXGroup;
			children = (
				C704137725EDF8FB000FFC87 /* AppDelegate.swift */,
				C704137925EDF8FB000FFC87 /* SceneDelegate.swift */,
				C704137D25EDF8FC000FFC87 /* Assets.xcassets */,
				C70413B225EDFC3C000FFC87 /* ColorAssets.xcassets */,
				C704138225EDF8FC000FFC87 /* LaunchScreen.storyboard */,
			);
			path = SupportingFiles;
			sourceTree = "<group>";
		};
		C70413B125EDFB9F000FFC87 /* Sources */ = {
			isa = PBXGroup;
			children = (
				C77C8B1D25F08B7C00961122 /* Extensions */,
				C77C8BC925F0AADE00961122 /* Models */,
				C77C8BE925F0AED000961122 /* Services */,
				C77C8BB925F0A31600961122 /* Managers */,
				C7A4D8A925F5B85800284AD8 /* Coordinators */,
				C77C8BFA25F0B24500961122 /* Modules */,
				C77C8B6B25F0935300961122 /* Presentation */,
			);
			path = Sources;
			sourceTree = "<group>";
		};
		C718185225F3474D0039FCDF /* Representables */ = {
			isa = PBXGroup;
			children = (
				C718185325F3477D0039FCDF /* ActivityIndicator.swift */,
			);
			path = Representables;
			sourceTree = "<group>";
		};
		C718186325F352B40039FCDF /* Errors */ = {
			isa = PBXGroup;
			children = (
				C718186425F352C20039FCDF /* TMDBError.swift */,
			);
			path = Errors;
			sourceTree = "<group>";
		};
		C775ABB825F35CA0002D39D8 /* Home */ = {
			isa = PBXGroup;
			children = (
				C775ABB925F35CB2002D39D8 /* HomeViewController.swift */,
				C775ABBE25F35DCB002D39D8 /* MovieListViewController.swift */,
			);
			path = Home;
			sourceTree = "<group>";
		};
		C77C8B1D25F08B7C00961122 /* Extensions */ = {
			isa = PBXGroup;
			children = (
				C77C8C0425F0B27400961122 /* UIViewController+Extensions.swift */,
				C7A4D8B825F5BB0800284AD8 /* UIWindow+Extensions.swift */,
				C7A4D8C025F5BCAE00284AD8 /* NotificationCenter+Extensions.swift */,
			);
			path = Extensions;
			sourceTree = "<group>";
		};
		C77C8B6B25F0935300961122 /* Presentation */ = {
			isa = PBXGroup;
			children = (
				C77C8C1825F0B6B900961122 /* ViewModels */,
				C77C8B6D25F0936600961122 /* CustomViews */,
				C77C8B6C25F0936200961122 /* Views */,
			);
			path = Presentation;
			sourceTree = "<group>";
		};
		C77C8B6C25F0936200961122 /* Views */ = {
			isa = PBXGroup;
			children = (
				C77C8B9625F0999100961122 /* LoginView.swift */,
				C778E86625F5ACDD00C97CB4 /* MovieListView.swift */,
			);
			path = Views;
			sourceTree = "<group>";
		};
		C77C8B6D25F0936600961122 /* CustomViews */ = {
			isa = PBXGroup;
			children = (
				C77C8B8D25F0982700961122 /* SwiftUIStyles */,
				C77C8B7F25F0963B00961122 /* Modifiers */,
				C77C8B6E25F0936B00961122 /* SwiftUIViews */,
				C7A4D8AF25F5B9E000284AD8 /* UIKitViews */,
			);
			path = CustomViews;
			sourceTree = "<group>";
		};
		C77C8B6E25F0936B00961122 /* SwiftUIViews */ = {
			isa = PBXGroup;
			children = (
				C718185225F3474D0039FCDF /* Representables */,
				C77C8B7A25F093E800961122 /* TMDBTextField.swift */,
				C775ABC325F35ECB002D39D8 /* ItemDetail.swift */,
			);
			path = SwiftUIViews;
			sourceTree = "<group>";
		};
		C77C8B7F25F0963B00961122 /* Modifiers */ = {
			isa = PBXGroup;
			children = (
				C77C8B8025F0967600961122 /* TMDBPlaceholderModifier.swift */,
				C718185B25F348840039FCDF /* TMDBActivityIndicatorModifier.swift */,
			);
			path = Modifiers;
			sourceTree = "<group>";
		};
		C77C8B8D25F0982700961122 /* SwiftUIStyles */ = {
			isa = PBXGroup;
			children = (
				C77C8B8E25F0983D00961122 /* TMDBButtonStyle.swift */,
			);
			path = SwiftUIStyles;
			sourceTree = "<group>";
		};
		C77C8BB925F0A31600961122 /* Managers */ = {
			isa = PBXGroup;
			children = (
				C77C8BBA25F0A31B00961122 /* NetworkManager */,
			);
			path = Managers;
			sourceTree = "<group>";
		};
		C77C8BBA25F0A31B00961122 /* NetworkManager */ = {
			isa = PBXGroup;
			children = (
				C77C8BC025F0A3B300961122 /* Targets */,
				C77C8BC125F0A3BF00961122 /* MoyaRequester.swift */,
			);
			path = NetworkManager;
			sourceTree = "<group>";
		};
		C77C8BC025F0A3B300961122 /* Targets */ = {
			isa = PBXGroup;
			children = (
				C77C8BD325F0AC0300961122 /* AuthenticationTarget.swift */,
				C77C8BDB25F0AC1400961122 /* MoyaTargetType.swift */,
			);
			path = Targets;
			sourceTree = "<group>";
		};
		C77C8BC925F0AADE00961122 /* Models */ = {
			isa = PBXGroup;
			children = (
				C718186325F352B40039FCDF /* Errors */,
				C77C8BCA25F0AAE600961122 /* APIModels */,
			);
			path = Models;
			sourceTree = "<group>";
		};
		C77C8BCA25F0AAE600961122 /* APIModels */ = {
			isa = PBXGroup;
			children = (
				C77C8BCB25F0AB0800961122 /* RequestToken.swift */,
				C718184D25F345D00039FCDF /* TMDBLogin.swift */,
			);
			path = APIModels;
			sourceTree = "<group>";
		};
		C77C8BE025F0ACAF00961122 /* Configuration */ = {
			isa = PBXGroup;
			children = (
				C77C8BE125F0ACBE00961122 /* TMDBConfiguration.swift */,
			);
			path = Configuration;
			sourceTree = "<group>";
		};
		C77C8BE925F0AED000961122 /* Services */ = {
			isa = PBXGroup;
			children = (
				C77C8BEE25F0AEFF00961122 /* AuthenticationService.swift */,
			);
			path = Services;
			sourceTree = "<group>";
		};
		C77C8BFA25F0B24500961122 /* Modules */ = {
			isa = PBXGroup;
			children = (
				C775ABB825F35CA0002D39D8 /* Home */,
				C77C8BFB25F0B24C00961122 /* Login */,
			);
			path = Modules;
			sourceTree = "<group>";
		};
		C77C8BFB25F0B24C00961122 /* Login */ = {
			isa = PBXGroup;
			children = (
				C77C8BFC25F0B25600961122 /* LoginViewController.swift */,
			);
			path = Login;
			sourceTree = "<group>";
		};
		C77C8C1825F0B6B900961122 /* ViewModels */ = {
			isa = PBXGroup;
			children = (
				C77C8C1925F0B6E200961122 /* LoginViewModel.swift */,
				C775ABC825F35F91002D39D8 /* ItemDetailViewModel.swift */,
				C7A4D8A425F5B44000284AD8 /* MovieListViewModel.swift */,
			);
			path = ViewModels;
			sourceTree = "<group>";
		};
		C7A4D8A925F5B85800284AD8 /* Coordinators */ = {
			isa = PBXGroup;
			children = (
				C7A4D8AA25F5B86A00284AD8 /* TMDBMainCoordinator.swift */,
			);
			path = Coordinators;
			sourceTree = "<group>";
		};
		C7A4D8AF25F5B9E000284AD8 /* UIKitViews */ = {
			isa = PBXGroup;
			children = (
				C7A4D8B025F5B9EF00284AD8 /* TMDBWindow.swift */,
			);
			path = UIKitViews;
			sourceTree = "<group>";
		};
/* End PBXGroup section */

/* Begin PBXNativeTarget section */
		C704137325EDF8FB000FFC87 /* DinoMovieDB */ = {
			isa = PBXNativeTarget;
			buildConfigurationList = C704139E25EDF8FD000FFC87 /* Build configuration list for PBXNativeTarget "DinoMovieDB" */;
			buildPhases = (
				C78DA7B725F87F1A009DCE37 /* R.Swift */,
				C704137025EDF8FB000FFC87 /* Sources */,
				C704137125EDF8FB000FFC87 /* Frameworks */,
				C704137225EDF8FB000FFC87 /* Resources */,
			);
			buildRules = (
			);
			dependencies = (
			);
			name = DinoMovieDB;
			packageProductDependencies = (
				C77C8BB425F0A2C000961122 /* Moya */,
				C77C8C0D25F0B33C00961122 /* TinyConstraints */,
				C775ABCE25F36546002D39D8 /* Kingfisher */,
				C78DA7B225F87F0C009DCE37 /* Rswift */,
			);
			productName = DinoMovieDB;
			productReference = C704137425EDF8FB000FFC87 /* DinoMovieDB.app */;
			productType = "com.apple.product-type.application";
		};
		C704138925EDF8FC000FFC87 /* DinoMovieDBTests */ = {
			isa = PBXNativeTarget;
			buildConfigurationList = C70413A125EDF8FD000FFC87 /* Build configuration list for PBXNativeTarget "DinoMovieDBTests" */;
			buildPhases = (
				C704138625EDF8FC000FFC87 /* Sources */,
				C704138725EDF8FC000FFC87 /* Frameworks */,
				C704138825EDF8FC000FFC87 /* Resources */,
			);
			buildRules = (
			);
			dependencies = (
				C704138C25EDF8FC000FFC87 /* PBXTargetDependency */,
			);
			name = DinoMovieDBTests;
			productName = DinoMovieDBTests;
			productReference = C704138A25EDF8FC000FFC87 /* DinoMovieDBTests.xctest */;
			productType = "com.apple.product-type.bundle.unit-test";
		};
		C704139425EDF8FD000FFC87 /* DinoMovieDBUITests */ = {
			isa = PBXNativeTarget;
			buildConfigurationList = C70413A425EDF8FD000FFC87 /* Build configuration list for PBXNativeTarget "DinoMovieDBUITests" */;
			buildPhases = (
				C704139125EDF8FD000FFC87 /* Sources */,
				C704139225EDF8FD000FFC87 /* Frameworks */,
				C704139325EDF8FD000FFC87 /* Resources */,
			);
			buildRules = (
			);
			dependencies = (
				C704139725EDF8FD000FFC87 /* PBXTargetDependency */,
			);
			name = DinoMovieDBUITests;
			productName = DinoMovieDBUITests;
			productReference = C704139525EDF8FD000FFC87 /* DinoMovieDBUITests.xctest */;
			productType = "com.apple.product-type.bundle.ui-testing";
		};
/* End PBXNativeTarget section */

/* Begin PBXProject section */
		C704136C25EDF8FB000FFC87 /* Project object */ = {
			isa = PBXProject;
			attributes = {
				LastSwiftUpdateCheck = 1220;
				LastUpgradeCheck = 1220;
				TargetAttributes = {
					C704137325EDF8FB000FFC87 = {
						CreatedOnToolsVersion = 12.2;
					};
					C704138925EDF8FC000FFC87 = {
						CreatedOnToolsVersion = 12.2;
						TestTargetID = C704137325EDF8FB000FFC87;
					};
					C704139425EDF8FD000FFC87 = {
						CreatedOnToolsVersion = 12.2;
						TestTargetID = C704137325EDF8FB000FFC87;
					};
				};
			};
			buildConfigurationList = C704136F25EDF8FB000FFC87 /* Build configuration list for PBXProject "DinoMovieDB" */;
			compatibilityVersion = "Xcode 9.3";
			developmentRegion = en;
			hasScannedForEncodings = 0;
			knownRegions = (
				en,
				Base,
				"es-419",
			);
			mainGroup = C704136B25EDF8FB000FFC87;
			packageReferences = (
				C77C8BB325F0A2C000961122 /* XCRemoteSwiftPackageReference "Moya" */,
				C77C8C0C25F0B33C00961122 /* XCRemoteSwiftPackageReference "TinyConstraints" */,
				C775ABCD25F36546002D39D8 /* XCRemoteSwiftPackageReference "Kingfisher" */,
				C78DA7B125F87F0C009DCE37 /* XCRemoteSwiftPackageReference "R.swift" */,
			);
			productRefGroup = C704137525EDF8FB000FFC87 /* Products */;
			projectDirPath = "";
			projectRoot = "";
			targets = (
				C704137325EDF8FB000FFC87 /* DinoMovieDB */,
				C704138925EDF8FC000FFC87 /* DinoMovieDBTests */,
				C704139425EDF8FD000FFC87 /* DinoMovieDBUITests */,
			);
		};
/* End PBXProject section */

/* Begin PBXResourcesBuildPhase section */
		C704137225EDF8FB000FFC87 /* Resources */ = {
			isa = PBXResourcesBuildPhase;
			buildActionMask = 2147483647;
			files = (
				C704138425EDF8FC000FFC87 /* LaunchScreen.storyboard in Resources */,
				C704138125EDF8FC000FFC87 /* Preview Assets.xcassets in Resources */,
				C70413B325EDFC3C000FFC87 /* ColorAssets.xcassets in Resources */,
				C704137E25EDF8FC000FFC87 /* Assets.xcassets in Resources */,
			);
			runOnlyForDeploymentPostprocessing = 0;
		};
		C704138825EDF8FC000FFC87 /* Resources */ = {
			isa = PBXResourcesBuildPhase;
			buildActionMask = 2147483647;
			files = (
			);
			runOnlyForDeploymentPostprocessing = 0;
		};
		C704139325EDF8FD000FFC87 /* Resources */ = {
			isa = PBXResourcesBuildPhase;
			buildActionMask = 2147483647;
			files = (
			);
			runOnlyForDeploymentPostprocessing = 0;
		};
/* End PBXResourcesBuildPhase section */

/* Begin PBXShellScriptBuildPhase section */
		C78DA7B725F87F1A009DCE37 /* R.Swift */ = {
			isa = PBXShellScriptBuildPhase;
			buildActionMask = 2147483647;
			files = (
			);
			inputFileListPaths = (
			);
			inputPaths = (
				"$TEMP_DIR/rswift-lastrun",
			);
			name = R.Swift;
			outputFileListPaths = (
			);
			outputPaths = (
				$SRCROOT/R.generated.swift,
			);
			runOnlyForDeploymentPostprocessing = 0;
			shellPath = /bin/sh;
			shellScript = "# Type a script or drag a script file from your workspace to insert its path.\nif !(brew ls rswift > /dev/null); then\n    brew install rswift\nfi\nrswift generate \"$SRCROOT/R.generated.swift\"\n";
		};
/* End PBXShellScriptBuildPhase section */

/* Begin PBXSourcesBuildPhase section */
		C704137025EDF8FB000FFC87 /* Sources */ = {
			isa = PBXSourcesBuildPhase;
			buildActionMask = 2147483647;
			files = (
				C77C8B8125F0967600961122 /* TMDBPlaceholderModifier.swift in Sources */,
				C718185425F3477D0039FCDF /* ActivityIndicator.swift in Sources */,
				C77C8B8F25F0983D00961122 /* TMDBButtonStyle.swift in Sources */,
				C77C8BFD25F0B25600961122 /* LoginViewController.swift in Sources */,
				C77C8BCC25F0AB0800961122 /* RequestToken.swift in Sources */,
				C77C8B9725F0999100961122 /* LoginView.swift in Sources */,
				C775ABBA25F35CB2002D39D8 /* HomeViewController.swift in Sources */,
				C77C8BD425F0AC0300961122 /* AuthenticationTarget.swift in Sources */,
				C7A4D8C125F5BCAE00284AD8 /* NotificationCenter+Extensions.swift in Sources */,
				C704137825EDF8FB000FFC87 /* AppDelegate.swift in Sources */,
				C718184E25F345D00039FCDF /* TMDBLogin.swift in Sources */,
				C77C8BEF25F0AEFF00961122 /* AuthenticationService.swift in Sources */,
				C718186525F352C20039FCDF /* TMDBError.swift in Sources */,
				C775ABC425F35ECB002D39D8 /* ItemDetail.swift in Sources */,
				C77C8BE225F0ACBE00961122 /* TMDBConfiguration.swift in Sources */,
				C77C8C1A25F0B6E200961122 /* LoginViewModel.swift in Sources */,
				C775ABC925F35F91002D39D8 /* ItemDetailViewModel.swift in Sources */,
				C7A4D8A525F5B44000284AD8 /* MovieListViewModel.swift in Sources */,
				C7A4D8B125F5B9EF00284AD8 /* TMDBWindow.swift in Sources */,
				C77C8B7B25F093E800961122 /* TMDBTextField.swift in Sources */,
				C704137A25EDF8FB000FFC87 /* SceneDelegate.swift in Sources */,
				C7A4D8B925F5BB0800284AD8 /* UIWindow+Extensions.swift in Sources */,
				C77C8C0525F0B27400961122 /* UIViewController+Extensions.swift in Sources */,
				C77C8BC225F0A3BF00961122 /* MoyaRequester.swift in Sources */,
				C77C8BDC25F0AC1400961122 /* MoyaTargetType.swift in Sources */,
				C775ABBF25F35DCB002D39D8 /* MovieListViewController.swift in Sources */,
				C78DA7D425F881A2009DCE37 /* R.generated.swift in Sources */,
				C7A4D8AB25F5B86A00284AD8 /* TMDBMainCoordinator.swift in Sources */,
				C778E86725F5ACDD00C97CB4 /* MovieListView.swift in Sources */,
				C718185C25F348840039FCDF /* TMDBActivityIndicatorModifier.swift in Sources */,
			);
			runOnlyForDeploymentPostprocessing = 0;
		};
		C704138625EDF8FC000FFC87 /* Sources */ = {
			isa = PBXSourcesBuildPhase;
			buildActionMask = 2147483647;
			files = (
				C704138F25EDF8FC000FFC87 /* DinoMovieDBTests.swift in Sources */,
			);
			runOnlyForDeploymentPostprocessing = 0;
		};
		C704139125EDF8FD000FFC87 /* Sources */ = {
			isa = PBXSourcesBuildPhase;
			buildActionMask = 2147483647;
			files = (
				C704139A25EDF8FD000FFC87 /* DinoMovieDBUITests.swift in Sources */,
			);
			runOnlyForDeploymentPostprocessing = 0;
		};
/* End PBXSourcesBuildPhase section */

/* Begin PBXTargetDependency section */
		C704138C25EDF8FC000FFC87 /* PBXTargetDependency */ = {
			isa = PBXTargetDependency;
			target = C704137325EDF8FB000FFC87 /* DinoMovieDB */;
			targetProxy = C704138B25EDF8FC000FFC87 /* PBXContainerItemProxy */;
		};
		C704139725EDF8FD000FFC87 /* PBXTargetDependency */ = {
			isa = PBXTargetDependency;
			target = C704137325EDF8FB000FFC87 /* DinoMovieDB */;
			targetProxy = C704139625EDF8FD000FFC87 /* PBXContainerItemProxy */;
		};
/* End PBXTargetDependency section */

/* Begin PBXVariantGroup section */
		C704138225EDF8FC000FFC87 /* LaunchScreen.storyboard */ = {
			isa = PBXVariantGroup;
			children = (
				C704138325EDF8FC000FFC87 /* Base */,
				C77C8B5B25F0915500961122 /* es-419 */,
			);
			name = LaunchScreen.storyboard;
			sourceTree = "<group>";
		};
/* End PBXVariantGroup section */

/* Begin XCBuildConfiguration section */
		C704139C25EDF8FD000FFC87 /* Debug */ = {
			isa = XCBuildConfiguration;
			buildSettings = {
				ALWAYS_SEARCH_USER_PATHS = NO;
				CLANG_ANALYZER_LOCALIZABILITY_NONLOCALIZED = YES;
				CLANG_ANALYZER_NONNULL = YES;
				CLANG_ANALYZER_NUMBER_OBJECT_CONVERSION = YES_AGGRESSIVE;
				CLANG_CXX_LANGUAGE_STANDARD = "gnu++14";
				CLANG_CXX_LIBRARY = "libc++";
				CLANG_ENABLE_MODULES = YES;
				CLANG_ENABLE_OBJC_ARC = YES;
				CLANG_ENABLE_OBJC_WEAK = YES;
				CLANG_WARN_BLOCK_CAPTURE_AUTORELEASING = YES;
				CLANG_WARN_BOOL_CONVERSION = YES;
				CLANG_WARN_COMMA = YES;
				CLANG_WARN_CONSTANT_CONVERSION = YES;
				CLANG_WARN_DEPRECATED_OBJC_IMPLEMENTATIONS = YES;
				CLANG_WARN_DIRECT_OBJC_ISA_USAGE = YES_ERROR;
				CLANG_WARN_DOCUMENTATION_COMMENTS = YES;
				CLANG_WARN_EMPTY_BODY = YES;
				CLANG_WARN_ENUM_CONVERSION = YES;
				CLANG_WARN_INFINITE_RECURSION = YES;
				CLANG_WARN_INT_CONVERSION = YES;
				CLANG_WARN_NON_LITERAL_NULL_CONVERSION = YES;
				CLANG_WARN_OBJC_IMPLICIT_RETAIN_SELF = YES;
				CLANG_WARN_OBJC_LITERAL_CONVERSION = YES;
				CLANG_WARN_OBJC_ROOT_CLASS = YES_ERROR;
				CLANG_WARN_QUOTED_INCLUDE_IN_FRAMEWORK_HEADER = YES;
				CLANG_WARN_RANGE_LOOP_ANALYSIS = YES;
				CLANG_WARN_STRICT_PROTOTYPES = YES;
				CLANG_WARN_SUSPICIOUS_MOVE = YES;
				CLANG_WARN_UNGUARDED_AVAILABILITY = YES_AGGRESSIVE;
				CLANG_WARN_UNREACHABLE_CODE = YES;
				CLANG_WARN__DUPLICATE_METHOD_MATCH = YES;
				COPY_PHASE_STRIP = NO;
				DEBUG_INFORMATION_FORMAT = dwarf;
				ENABLE_STRICT_OBJC_MSGSEND = YES;
				ENABLE_TESTABILITY = YES;
				GCC_C_LANGUAGE_STANDARD = gnu11;
				GCC_DYNAMIC_NO_PIC = NO;
				GCC_NO_COMMON_BLOCKS = YES;
				GCC_OPTIMIZATION_LEVEL = 0;
				GCC_PREPROCESSOR_DEFINITIONS = (
					"DEBUG=1",
					"$(inherited)",
				);
				GCC_WARN_64_TO_32_BIT_CONVERSION = YES;
				GCC_WARN_ABOUT_RETURN_TYPE = YES_ERROR;
				GCC_WARN_UNDECLARED_SELECTOR = YES;
				GCC_WARN_UNINITIALIZED_AUTOS = YES_AGGRESSIVE;
				GCC_WARN_UNUSED_FUNCTION = YES;
				GCC_WARN_UNUSED_VARIABLE = YES;
				IPHONEOS_DEPLOYMENT_TARGET = 14.2;
				MTL_ENABLE_DEBUG_INFO = INCLUDE_SOURCE;
				MTL_FAST_MATH = YES;
				ONLY_ACTIVE_ARCH = YES;
				SDKROOT = iphoneos;
				SWIFT_ACTIVE_COMPILATION_CONDITIONS = DEBUG;
				SWIFT_OPTIMIZATION_LEVEL = "-Onone";
			};
			name = Debug;
		};
		C704139D25EDF8FD000FFC87 /* Release */ = {
			isa = XCBuildConfiguration;
			buildSettings = {
				ALWAYS_SEARCH_USER_PATHS = NO;
				CLANG_ANALYZER_LOCALIZABILITY_NONLOCALIZED = YES;
				CLANG_ANALYZER_NONNULL = YES;
				CLANG_ANALYZER_NUMBER_OBJECT_CONVERSION = YES_AGGRESSIVE;
				CLANG_CXX_LANGUAGE_STANDARD = "gnu++14";
				CLANG_CXX_LIBRARY = "libc++";
				CLANG_ENABLE_MODULES = YES;
				CLANG_ENABLE_OBJC_ARC = YES;
				CLANG_ENABLE_OBJC_WEAK = YES;
				CLANG_WARN_BLOCK_CAPTURE_AUTORELEASING = YES;
				CLANG_WARN_BOOL_CONVERSION = YES;
				CLANG_WARN_COMMA = YES;
				CLANG_WARN_CONSTANT_CONVERSION = YES;
				CLANG_WARN_DEPRECATED_OBJC_IMPLEMENTATIONS = YES;
				CLANG_WARN_DIRECT_OBJC_ISA_USAGE = YES_ERROR;
				CLANG_WARN_DOCUMENTATION_COMMENTS = YES;
				CLANG_WARN_EMPTY_BODY = YES;
				CLANG_WARN_ENUM_CONVERSION = YES;
				CLANG_WARN_INFINITE_RECURSION = YES;
				CLANG_WARN_INT_CONVERSION = YES;
				CLANG_WARN_NON_LITERAL_NULL_CONVERSION = YES;
				CLANG_WARN_OBJC_IMPLICIT_RETAIN_SELF = YES;
				CLANG_WARN_OBJC_LITERAL_CONVERSION = YES;
				CLANG_WARN_OBJC_ROOT_CLASS = YES_ERROR;
				CLANG_WARN_QUOTED_INCLUDE_IN_FRAMEWORK_HEADER = YES;
				CLANG_WARN_RANGE_LOOP_ANALYSIS = YES;
				CLANG_WARN_STRICT_PROTOTYPES = YES;
				CLANG_WARN_SUSPICIOUS_MOVE = YES;
				CLANG_WARN_UNGUARDED_AVAILABILITY = YES_AGGRESSIVE;
				CLANG_WARN_UNREACHABLE_CODE = YES;
				CLANG_WARN__DUPLICATE_METHOD_MATCH = YES;
				COPY_PHASE_STRIP = NO;
				DEBUG_INFORMATION_FORMAT = "dwarf-with-dsym";
				ENABLE_NS_ASSERTIONS = NO;
				ENABLE_STRICT_OBJC_MSGSEND = YES;
				GCC_C_LANGUAGE_STANDARD = gnu11;
				GCC_NO_COMMON_BLOCKS = YES;
				GCC_WARN_64_TO_32_BIT_CONVERSION = YES;
				GCC_WARN_ABOUT_RETURN_TYPE = YES_ERROR;
				GCC_WARN_UNDECLARED_SELECTOR = YES;
				GCC_WARN_UNINITIALIZED_AUTOS = YES_AGGRESSIVE;
				GCC_WARN_UNUSED_FUNCTION = YES;
				GCC_WARN_UNUSED_VARIABLE = YES;
				IPHONEOS_DEPLOYMENT_TARGET = 14.2;
				MTL_ENABLE_DEBUG_INFO = NO;
				MTL_FAST_MATH = YES;
				SDKROOT = iphoneos;
				SWIFT_COMPILATION_MODE = wholemodule;
				SWIFT_OPTIMIZATION_LEVEL = "-O";
				VALIDATE_PRODUCT = YES;
			};
			name = Release;
		};
		C704139F25EDF8FD000FFC87 /* Debug */ = {
			isa = XCBuildConfiguration;
			buildSettings = {
				ASSETCATALOG_COMPILER_APPICON_NAME = AppIcon;
				ASSETCATALOG_COMPILER_GLOBAL_ACCENT_COLOR_NAME = AccentColor;
				CODE_SIGN_STYLE = Automatic;
				DEVELOPMENT_ASSET_PATHS = "\"DinoMovieDB/Preview Content\"";
				DEVELOPMENT_TEAM = 8VH2B3DK6W;
				ENABLE_PREVIEWS = YES;
				INFOPLIST_FILE = DinoMovieDB/Info.plist;
				IPHONEOS_DEPLOYMENT_TARGET = 14.0;
				LD_RUNPATH_SEARCH_PATHS = (
					"$(inherited)",
					"@executable_path/Frameworks",
				);
				PRODUCT_BUNDLE_IDENTIFIER = com.vanegasdev.DinoMovieDB;
				PRODUCT_NAME = "$(TARGET_NAME)";
				SWIFT_VERSION = 5.0;
				TARGETED_DEVICE_FAMILY = 1;
			};
			name = Debug;
		};
		C70413A025EDF8FD000FFC87 /* Release */ = {
			isa = XCBuildConfiguration;
			buildSettings = {
				ASSETCATALOG_COMPILER_APPICON_NAME = AppIcon;
				ASSETCATALOG_COMPILER_GLOBAL_ACCENT_COLOR_NAME = AccentColor;
				CODE_SIGN_STYLE = Automatic;
				DEVELOPMENT_ASSET_PATHS = "\"DinoMovieDB/Preview Content\"";
				DEVELOPMENT_TEAM = 8VH2B3DK6W;
				ENABLE_PREVIEWS = YES;
				INFOPLIST_FILE = DinoMovieDB/Info.plist;
				IPHONEOS_DEPLOYMENT_TARGET = 14.0;
				LD_RUNPATH_SEARCH_PATHS = (
					"$(inherited)",
					"@executable_path/Frameworks",
				);
				PRODUCT_BUNDLE_IDENTIFIER = com.vanegasdev.DinoMovieDB;
				PRODUCT_NAME = "$(TARGET_NAME)";
				SWIFT_VERSION = 5.0;
				TARGETED_DEVICE_FAMILY = 1;
			};
			name = Release;
		};
		C70413A225EDF8FD000FFC87 /* Debug */ = {
			isa = XCBuildConfiguration;
			buildSettings = {
				ALWAYS_EMBED_SWIFT_STANDARD_LIBRARIES = YES;
				BUNDLE_LOADER = "$(TEST_HOST)";
				CODE_SIGN_STYLE = Automatic;
				DEVELOPMENT_TEAM = 8VH2B3DK6W;
				INFOPLIST_FILE = DinoMovieDBTests/Info.plist;
				IPHONEOS_DEPLOYMENT_TARGET = 14.2;
				LD_RUNPATH_SEARCH_PATHS = (
					"$(inherited)",
					"@executable_path/Frameworks",
					"@loader_path/Frameworks",
				);
				PRODUCT_BUNDLE_IDENTIFIER = com.vanegasdev.DinoMovieDBTests;
				PRODUCT_NAME = "$(TARGET_NAME)";
				SWIFT_VERSION = 5.0;
				TARGETED_DEVICE_FAMILY = "1,2";
				TEST_HOST = "$(BUILT_PRODUCTS_DIR)/DinoMovieDB.app/DinoMovieDB";
			};
			name = Debug;
		};
		C70413A325EDF8FD000FFC87 /* Release */ = {
			isa = XCBuildConfiguration;
			buildSettings = {
				ALWAYS_EMBED_SWIFT_STANDARD_LIBRARIES = YES;
				BUNDLE_LOADER = "$(TEST_HOST)";
				CODE_SIGN_STYLE = Automatic;
				DEVELOPMENT_TEAM = 8VH2B3DK6W;
				INFOPLIST_FILE = DinoMovieDBTests/Info.plist;
				IPHONEOS_DEPLOYMENT_TARGET = 14.2;
				LD_RUNPATH_SEARCH_PATHS = (
					"$(inherited)",
					"@executable_path/Frameworks",
					"@loader_path/Frameworks",
				);
				PRODUCT_BUNDLE_IDENTIFIER = com.vanegasdev.DinoMovieDBTests;
				PRODUCT_NAME = "$(TARGET_NAME)";
				SWIFT_VERSION = 5.0;
				TARGETED_DEVICE_FAMILY = "1,2";
				TEST_HOST = "$(BUILT_PRODUCTS_DIR)/DinoMovieDB.app/DinoMovieDB";
			};
			name = Release;
		};
		C70413A525EDF8FD000FFC87 /* Debug */ = {
			isa = XCBuildConfiguration;
			buildSettings = {
				ALWAYS_EMBED_SWIFT_STANDARD_LIBRARIES = YES;
				CODE_SIGN_STYLE = Automatic;
				DEVELOPMENT_TEAM = 8VH2B3DK6W;
				INFOPLIST_FILE = DinoMovieDBUITests/Info.plist;
				LD_RUNPATH_SEARCH_PATHS = (
					"$(inherited)",
					"@executable_path/Frameworks",
					"@loader_path/Frameworks",
				);
				PRODUCT_BUNDLE_IDENTIFIER = com.vanegasdev.DinoMovieDBUITests;
				PRODUCT_NAME = "$(TARGET_NAME)";
				SWIFT_VERSION = 5.0;
				TARGETED_DEVICE_FAMILY = "1,2";
				TEST_TARGET_NAME = DinoMovieDB;
			};
			name = Debug;
		};
		C70413A625EDF8FD000FFC87 /* Release */ = {
			isa = XCBuildConfiguration;
			buildSettings = {
				ALWAYS_EMBED_SWIFT_STANDARD_LIBRARIES = YES;
				CODE_SIGN_STYLE = Automatic;
				DEVELOPMENT_TEAM = 8VH2B3DK6W;
				INFOPLIST_FILE = DinoMovieDBUITests/Info.plist;
				LD_RUNPATH_SEARCH_PATHS = (
					"$(inherited)",
					"@executable_path/Frameworks",
					"@loader_path/Frameworks",
				);
				PRODUCT_BUNDLE_IDENTIFIER = com.vanegasdev.DinoMovieDBUITests;
				PRODUCT_NAME = "$(TARGET_NAME)";
				SWIFT_VERSION = 5.0;
				TARGETED_DEVICE_FAMILY = "1,2";
				TEST_TARGET_NAME = DinoMovieDB;
			};
			name = Release;
		};
/* End XCBuildConfiguration section */

/* Begin XCConfigurationList section */
		C704136F25EDF8FB000FFC87 /* Build configuration list for PBXProject "DinoMovieDB" */ = {
			isa = XCConfigurationList;
			buildConfigurations = (
				C704139C25EDF8FD000FFC87 /* Debug */,
				C704139D25EDF8FD000FFC87 /* Release */,
			);
			defaultConfigurationIsVisible = 0;
			defaultConfigurationName = Release;
		};
		C704139E25EDF8FD000FFC87 /* Build configuration list for PBXNativeTarget "DinoMovieDB" */ = {
			isa = XCConfigurationList;
			buildConfigurations = (
				C704139F25EDF8FD000FFC87 /* Debug */,
				C70413A025EDF8FD000FFC87 /* Release */,
			);
			defaultConfigurationIsVisible = 0;
			defaultConfigurationName = Release;
		};
		C70413A125EDF8FD000FFC87 /* Build configuration list for PBXNativeTarget "DinoMovieDBTests" */ = {
			isa = XCConfigurationList;
			buildConfigurations = (
				C70413A225EDF8FD000FFC87 /* Debug */,
				C70413A325EDF8FD000FFC87 /* Release */,
			);
			defaultConfigurationIsVisible = 0;
			defaultConfigurationName = Release;
		};
		C70413A425EDF8FD000FFC87 /* Build configuration list for PBXNativeTarget "DinoMovieDBUITests" */ = {
			isa = XCConfigurationList;
			buildConfigurations = (
				C70413A525EDF8FD000FFC87 /* Debug */,
				C70413A625EDF8FD000FFC87 /* Release */,
			);
			defaultConfigurationIsVisible = 0;
			defaultConfigurationName = Release;
		};
/* End XCConfigurationList section */

/* Begin XCRemoteSwiftPackageReference section */
		C775ABCD25F36546002D39D8 /* XCRemoteSwiftPackageReference "Kingfisher" */ = {
			isa = XCRemoteSwiftPackageReference;
			repositoryURL = "https://github.com/onevcat/Kingfisher.git";
			requirement = {
				kind = upToNextMajorVersion;
				minimumVersion = 6.1.1;
			};
		};
		C77C8BB325F0A2C000961122 /* XCRemoteSwiftPackageReference "Moya" */ = {
			isa = XCRemoteSwiftPackageReference;
			repositoryURL = "https://github.com/Moya/Moya.git";
			requirement = {
				kind = upToNextMajorVersion;
				minimumVersion = 14.0.1;
			};
		};
		C77C8C0C25F0B33C00961122 /* XCRemoteSwiftPackageReference "TinyConstraints" */ = {
			isa = XCRemoteSwiftPackageReference;
			repositoryURL = "https://github.com/roberthein/TinyConstraints.git";
			requirement = {
				kind = upToNextMajorVersion;
				minimumVersion = 4.0.1;
			};
		};
		C78DA7B125F87F0C009DCE37 /* XCRemoteSwiftPackageReference "R.swift" */ = {
			isa = XCRemoteSwiftPackageReference;
			repositoryURL = "https://github.com/mac-cain13/R.swift.Library";
			requirement = {
				kind = upToNextMajorVersion;
				minimumVersion = 5.4.0;
			};
		};
/* End XCRemoteSwiftPackageReference section */

/* Begin XCSwiftPackageProductDependency section */
		C775ABCE25F36546002D39D8 /* Kingfisher */ = {
			isa = XCSwiftPackageProductDependency;
			package = C775ABCD25F36546002D39D8 /* XCRemoteSwiftPackageReference "Kingfisher" */;
			productName = Kingfisher;
		};
		C77C8BB425F0A2C000961122 /* Moya */ = {
			isa = XCSwiftPackageProductDependency;
			package = C77C8BB325F0A2C000961122 /* XCRemoteSwiftPackageReference "Moya" */;
			productName = Moya;
		};
		C77C8C0D25F0B33C00961122 /* TinyConstraints */ = {
			isa = XCSwiftPackageProductDependency;
			package = C77C8C0C25F0B33C00961122 /* XCRemoteSwiftPackageReference "TinyConstraints" */;
			productName = TinyConstraints;
		};
		C78DA7B225F87F0C009DCE37 /* Rswift */ = {
			isa = XCSwiftPackageProductDependency;
			package = C78DA7B125F87F0C009DCE37 /* XCRemoteSwiftPackageReference "R.swift" */;
			productName = Rswift;
		};
/* End XCSwiftPackageProductDependency section */
	};
	rootObject = C704136C25EDF8FB000FFC87 /* Project object */;
}
