// !$*UTF8*$!
{
	archiveVersion = 1;
	classes = {
	};
	objectVersion = 52;
	objects = {

/* Begin PBXBuildFile section */
		C704137825EDF8FB000FFC87 /* AppDelegate.swift in Sources */ = {isa = PBXBuildFile; fileRef = C704137725EDF8FB000FFC87 /* AppDelegate.swift */; };
		C704137A25EDF8FB000FFC87 /* SceneDelegate.swift in Sources */ = {isa = PBXBuildFile; fileRef = C704137925EDF8FB000FFC87 /* SceneDelegate.swift */; };
		C704137E25EDF8FC000FFC87 /* Assets.xcassets in Resources */ = {isa = PBXBuildFile; fileRef = C704137D25EDF8FC000FFC87 /* Assets.xcassets */; };
		C704138125EDF8FC000FFC87 /* Preview Assets.xcassets in Resources */ = {isa = PBXBuildFile; fileRef = C704138025EDF8FC000FFC87 /* Preview Assets.xcassets */; };
		C704138425EDF8FC000FFC87 /* LaunchScreen.storyboard in Resources */ = {isa = PBXBuildFile; fileRef = C704138225EDF8FC000FFC87 /* LaunchScreen.storyboard */; };
		C704138F25EDF8FC000FFC87 /* DinoMovieDBTests.swift in Sources */ = {isa = PBXBuildFile; fileRef = C704138E25EDF8FC000FFC87 /* DinoMovieDBTests.swift */; };
		C704139A25EDF8FD000FFC87 /* DinoMovieDBUITests.swift in Sources */ = {isa = PBXBuildFile; fileRef = C704139925EDF8FD000FFC87 /* DinoMovieDBUITests.swift */; };
		C70413B325EDFC3C000FFC87 /* ColorAssets.xcassets in Resources */ = {isa = PBXBuildFile; fileRef = C70413B225EDFC3C000FFC87 /* ColorAssets.xcassets */; };
		C707A98326194DC9009B063F /* TVShowDetailView.swift in Sources */ = {isa = PBXBuildFile; fileRef = C707A98226194DC9009B063F /* TVShowDetailView.swift */; };
		C707A988261950FC009B063F /* TMDBSeasonView.swift in Sources */ = {isa = PBXBuildFile; fileRef = C707A987261950FC009B063F /* TMDBSeasonView.swift */; };
		C707A98D26195D7D009B063F /* ShowDetail.swift in Sources */ = {isa = PBXBuildFile; fileRef = C707A98C26195D7D009B063F /* ShowDetail.swift */; };
		C707A99E261960BD009B063F /* TVShowDetailViewModel.swift in Sources */ = {isa = PBXBuildFile; fileRef = C707A99D261960BD009B063F /* TVShowDetailViewModel.swift */; };
		C707A9A726196514009B063F /* TVShowDetailViewController.swift in Sources */ = {isa = PBXBuildFile; fileRef = C707A9A626196514009B063F /* TVShowDetailViewController.swift */; };
		C707A9AF26197044009B063F /* ShowRateViewController.swift in Sources */ = {isa = PBXBuildFile; fileRef = C707A9AE26197044009B063F /* ShowRateViewController.swift */; };
		C70D34682612D9EE007B4C05 /* TMDBTimeFormatter.swift in Sources */ = {isa = PBXBuildFile; fileRef = C70D34672612D9EE007B4C05 /* TMDBTimeFormatter.swift */; };
		C70D34762612E931007B4C05 /* TMDBMediaType.swift in Sources */ = {isa = PBXBuildFile; fileRef = C70D34752612E931007B4C05 /* TMDBMediaType.swift */; };
		C70D34842612ECCB007B4C05 /* TMDBStarRateView.swift in Sources */ = {isa = PBXBuildFile; fileRef = C70D34832612ECCB007B4C05 /* TMDBStarRateView.swift */; };
		C70D34892612F1E6007B4C05 /* TMDBDoneAlertView.swift in Sources */ = {isa = PBXBuildFile; fileRef = C70D34882612F1E6007B4C05 /* TMDBDoneAlertView.swift */; };
		C70D348E2612F3E7007B4C05 /* RateItemView.swift in Sources */ = {isa = PBXBuildFile; fileRef = C70D348D2612F3E7007B4C05 /* RateItemView.swift */; };
		C70D34932612F50B007B4C05 /* MovieRateViewController.swift in Sources */ = {isa = PBXBuildFile; fileRef = C70D34922612F50B007B4C05 /* MovieRateViewController.swift */; };
		C713A5ED2605C15A0030E961 /* KeychainSwift in Frameworks */ = {isa = PBXBuildFile; productRef = C713A5EC2605C15A0030E961 /* KeychainSwift */; };
		C713A5F22605C1E30030E961 /* ProfileView.swift in Sources */ = {isa = PBXBuildFile; fileRef = C713A5F12605C1E30030E961 /* ProfileView.swift */; };
		C713A5F72605C5F60030E961 /* ProfileViewController.swift in Sources */ = {isa = PBXBuildFile; fileRef = C713A5F62605C5F60030E961 /* ProfileViewController.swift */; };
		C717A13525F9CD30006915D5 /* UIAlertController+Extensions.swift in Sources */ = {isa = PBXBuildFile; fileRef = C717A13425F9CD30006915D5 /* UIAlertController+Extensions.swift */; };
		C717A13A25F9D26B006915D5 /* Publisher+Extension.swift in Sources */ = {isa = PBXBuildFile; fileRef = C717A13925F9D26B006915D5 /* Publisher+Extension.swift */; };
		C717A14925F9D976006915D5 /* PaginationManager.swift in Sources */ = {isa = PBXBuildFile; fileRef = C717A14825F9D976006915D5 /* PaginationManager.swift */; };
		C718184E25F345D00039FCDF /* TMDBTokens.swift in Sources */ = {isa = PBXBuildFile; fileRef = C718184D25F345D00039FCDF /* TMDBTokens.swift */; };
		C718185425F3477D0039FCDF /* ActivityIndicator.swift in Sources */ = {isa = PBXBuildFile; fileRef = C718185325F3477D0039FCDF /* ActivityIndicator.swift */; };
		C718185C25F348840039FCDF /* TMDBActivityIndicatorModifier.swift in Sources */ = {isa = PBXBuildFile; fileRef = C718185B25F348840039FCDF /* TMDBActivityIndicatorModifier.swift */; };
		C718186525F352C20039FCDF /* TMDBError.swift in Sources */ = {isa = PBXBuildFile; fileRef = C718186425F352C20039FCDF /* TMDBError.swift */; };
		C726CAC82605BE7600AC8E76 /* AnyStorage.swift in Sources */ = {isa = PBXBuildFile; fileRef = C726CAC72605BE7600AC8E76 /* AnyStorage.swift */; };
		C726CACD2605BF9000AC8E76 /* Storable.swift in Sources */ = {isa = PBXBuildFile; fileRef = C726CACC2605BF9000AC8E76 /* Storable.swift */; };
		C727D98B2625666C0074B7EC /* SearchViewControllerType.swift in Sources */ = {isa = PBXBuildFile; fileRef = C727D98A2625666C0074B7EC /* SearchViewControllerType.swift */; };
		C72DF296262A9EF800C419B9 /* SortType.swift in Sources */ = {isa = PBXBuildFile; fileRef = C72DF295262A9EF800C419B9 /* SortType.swift */; };
		C7317DD6261ED7240082D195 /* TMDBChevronModifier.swift in Sources */ = {isa = PBXBuildFile; fileRef = C7317DD5261ED7240082D195 /* TMDBChevronModifier.swift */; };
		C7317DDB261ED7F70082D195 /* TMDBProfileOptionView.swift in Sources */ = {isa = PBXBuildFile; fileRef = C7317DDA261ED7F70082D195 /* TMDBProfileOptionView.swift */; };
		C7347A03262B520200C52B14 /* AccountItemsViewController.swift in Sources */ = {isa = PBXBuildFile; fileRef = C7347A02262B520200C52B14 /* AccountItemsViewController.swift */; };
		C7347A08262B5F0600C52B14 /* MyWatchlistViewController.swift in Sources */ = {isa = PBXBuildFile; fileRef = C7347A07262B5F0600C52B14 /* MyWatchlistViewController.swift */; };
		C73C814C26099C2900DB8887 /* AccountTarget.swift in Sources */ = {isa = PBXBuildFile; fileRef = C73C814B26099C2900DB8887 /* AccountTarget.swift */; };
		C73C81552609A0B800DB8887 /* Avatar.swift in Sources */ = {isa = PBXBuildFile; fileRef = C73C81542609A0B800DB8887 /* Avatar.swift */; };
		C73C815D2609A1F000DB8887 /* MyAccount.swift in Sources */ = {isa = PBXBuildFile; fileRef = C73C815C2609A1F000DB8887 /* MyAccount.swift */; };
		C73C81622609A25100DB8887 /* AccountService.swift in Sources */ = {isa = PBXBuildFile; fileRef = C73C81612609A25100DB8887 /* AccountService.swift */; };
		C73C81672609A59500DB8887 /* ProfileViewModel.swift in Sources */ = {isa = PBXBuildFile; fileRef = C73C81662609A59500DB8887 /* ProfileViewModel.swift */; };
		C743C241261583C600B9B743 /* RateMovieViewModel.swift in Sources */ = {isa = PBXBuildFile; fileRef = C743C240261583C600B9B743 /* RateMovieViewModel.swift */; };
		C74FBB5725FD82D8004D9D68 /* Date+Extensions.swift in Sources */ = {isa = PBXBuildFile; fileRef = C74FBB5625FD82D8004D9D68 /* Date+Extensions.swift */; };
		C75FA49826116746005C238E /* MovieCredits.swift in Sources */ = {isa = PBXBuildFile; fileRef = C75FA49726116746005C238E /* MovieCredits.swift */; };
		C75FA4A32611692D005C238E /* MovieDetailViewModel.swift in Sources */ = {isa = PBXBuildFile; fileRef = C75FA4A22611692D005C238E /* MovieDetailViewModel.swift */; };
		C76794D5260EFFE100B96E10 /* NetworkManager.swift in Sources */ = {isa = PBXBuildFile; fileRef = C76794D4260EFFE100B96E10 /* NetworkManager.swift */; };
		C775ABBA25F35CB2002D39D8 /* HomeViewController.swift in Sources */ = {isa = PBXBuildFile; fileRef = C775ABB925F35CB2002D39D8 /* HomeViewController.swift */; };
		C775ABBF25F35DCB002D39D8 /* MovieListViewController.swift in Sources */ = {isa = PBXBuildFile; fileRef = C775ABBE25F35DCB002D39D8 /* MovieListViewController.swift */; };
		C775ABC425F35ECB002D39D8 /* ItemDetail.swift in Sources */ = {isa = PBXBuildFile; fileRef = C775ABC325F35ECB002D39D8 /* ItemDetail.swift */; };
		C775ABC925F35F91002D39D8 /* ItemDetailViewModel.swift in Sources */ = {isa = PBXBuildFile; fileRef = C775ABC825F35F91002D39D8 /* ItemDetailViewModel.swift */; };
		C775ABCF25F36546002D39D8 /* Kingfisher in Frameworks */ = {isa = PBXBuildFile; productRef = C775ABCE25F36546002D39D8 /* Kingfisher */; };
		C77C8B7B25F093E800961122 /* TMDBTextField.swift in Sources */ = {isa = PBXBuildFile; fileRef = C77C8B7A25F093E800961122 /* TMDBTextField.swift */; };
		C77C8B8125F0967600961122 /* TMDBPlaceholderModifier.swift in Sources */ = {isa = PBXBuildFile; fileRef = C77C8B8025F0967600961122 /* TMDBPlaceholderModifier.swift */; };
		C77C8B8F25F0983D00961122 /* TMDBButtonStyle.swift in Sources */ = {isa = PBXBuildFile; fileRef = C77C8B8E25F0983D00961122 /* TMDBButtonStyle.swift */; };
		C77C8B9725F0999100961122 /* LoginView.swift in Sources */ = {isa = PBXBuildFile; fileRef = C77C8B9625F0999100961122 /* LoginView.swift */; };
		C77C8BB525F0A2C000961122 /* Moya in Frameworks */ = {isa = PBXBuildFile; productRef = C77C8BB425F0A2C000961122 /* Moya */; };
		C77C8BC225F0A3BF00961122 /* MoyaRequester.swift in Sources */ = {isa = PBXBuildFile; fileRef = C77C8BC125F0A3BF00961122 /* MoyaRequester.swift */; };
		C77C8BD425F0AC0300961122 /* AuthenticationTarget.swift in Sources */ = {isa = PBXBuildFile; fileRef = C77C8BD325F0AC0300961122 /* AuthenticationTarget.swift */; };
		C77C8BDC25F0AC1400961122 /* TMDBTargetType.swift in Sources */ = {isa = PBXBuildFile; fileRef = C77C8BDB25F0AC1400961122 /* TMDBTargetType.swift */; };
		C77C8BE225F0ACBE00961122 /* TMDBConfiguration.swift in Sources */ = {isa = PBXBuildFile; fileRef = C77C8BE125F0ACBE00961122 /* TMDBConfiguration.swift */; };
		C77C8BEF25F0AEFF00961122 /* AuthenticationService.swift in Sources */ = {isa = PBXBuildFile; fileRef = C77C8BEE25F0AEFF00961122 /* AuthenticationService.swift */; };
		C77C8BFD25F0B25600961122 /* LoginViewController.swift in Sources */ = {isa = PBXBuildFile; fileRef = C77C8BFC25F0B25600961122 /* LoginViewController.swift */; };
		C77C8C0525F0B27400961122 /* UIViewController+Extensions.swift in Sources */ = {isa = PBXBuildFile; fileRef = C77C8C0425F0B27400961122 /* UIViewController+Extensions.swift */; };
		C77C8C0E25F0B33C00961122 /* TinyConstraints in Frameworks */ = {isa = PBXBuildFile; productRef = C77C8C0D25F0B33C00961122 /* TinyConstraints */; };
		C77C8C1A25F0B6E200961122 /* LoginViewModel.swift in Sources */ = {isa = PBXBuildFile; fileRef = C77C8C1925F0B6E200961122 /* LoginViewModel.swift */; };
		C78DA7B325F87F0C009DCE37 /* Rswift in Frameworks */ = {isa = PBXBuildFile; productRef = C78DA7B225F87F0C009DCE37 /* Rswift */; };
		C78DA7D425F881A2009DCE37 /* R.generated.swift in Sources */ = {isa = PBXBuildFile; fileRef = C78DA7D325F881A2009DCE37 /* R.generated.swift */; };
		C78DA7F525F88597009DCE37 /* Localization.strings in Resources */ = {isa = PBXBuildFile; fileRef = C78DA7F725F88597009DCE37 /* Localization.strings */; };
		C78DA80425F8893A009DCE37 /* MoviesTarget.swift in Sources */ = {isa = PBXBuildFile; fileRef = C78DA80325F8893A009DCE37 /* MoviesTarget.swift */; };
		C78DA80A25F88C1C009DCE37 /* MoviePreview.swift in Sources */ = {isa = PBXBuildFile; fileRef = C78DA80925F88C1C009DCE37 /* MoviePreview.swift */; };
		C78DA81225F88CF5009DCE37 /* APIResponse.swift in Sources */ = {isa = PBXBuildFile; fileRef = C78DA81125F88CF5009DCE37 /* APIResponse.swift */; };
		C78DA81725F88DEA009DCE37 /* MoviesService.swift in Sources */ = {isa = PBXBuildFile; fileRef = C78DA81625F88DEA009DCE37 /* MoviesService.swift */; };
		C7A4D8AB25F5B86A00284AD8 /* TMDBMainCoordinator.swift in Sources */ = {isa = PBXBuildFile; fileRef = C7A4D8AA25F5B86A00284AD8 /* TMDBMainCoordinator.swift */; };
		C7A4D8B125F5B9EF00284AD8 /* TMDBWindow.swift in Sources */ = {isa = PBXBuildFile; fileRef = C7A4D8B025F5B9EF00284AD8 /* TMDBWindow.swift */; };
		C7A4D8B925F5BB0800284AD8 /* UIWindow+Extensions.swift in Sources */ = {isa = PBXBuildFile; fileRef = C7A4D8B825F5BB0800284AD8 /* UIWindow+Extensions.swift */; };
		C7A4D8C125F5BCAE00284AD8 /* NotificationCenter+Extensions.swift in Sources */ = {isa = PBXBuildFile; fileRef = C7A4D8C025F5BCAE00284AD8 /* NotificationCenter+Extensions.swift */; };
		C7A7E38D25F9E8CE0066A7D9 /* TVShowPreview.swift in Sources */ = {isa = PBXBuildFile; fileRef = C7A7E38C25F9E8CE0066A7D9 /* TVShowPreview.swift */; };
		C7A7E39225F9E9C20066A7D9 /* TVShowsTarget.swift in Sources */ = {isa = PBXBuildFile; fileRef = C7A7E39125F9E9C20066A7D9 /* TVShowsTarget.swift */; };
		C7A7E39725F9EA290066A7D9 /* TVShowsService.swift in Sources */ = {isa = PBXBuildFile; fileRef = C7A7E39625F9EA290066A7D9 /* TVShowsService.swift */; };
		C7A7E3A625F9EB630066A7D9 /* TVShowsListViewController.swift in Sources */ = {isa = PBXBuildFile; fileRef = C7A7E3A525F9EB630066A7D9 /* TVShowsListViewController.swift */; };
		C7A7E3AB25F9EE6E0066A7D9 /* Collection+Extensions.swift in Sources */ = {isa = PBXBuildFile; fileRef = C7A7E3AA25F9EE6E0066A7D9 /* Collection+Extensions.swift */; };
		C7A9A227260C44680009438A /* AccountState.swift in Sources */ = {isa = PBXBuildFile; fileRef = C7A9A226260C44680009438A /* AccountState.swift */; };
		C7A9A22C260C48AD0009438A /* JSONEncoder+Extension.swift in Sources */ = {isa = PBXBuildFile; fileRef = C7A9A22B260C48AD0009438A /* JSONEncoder+Extension.swift */; };
		C7A9A231260C49CD0009438A /* ItemsService.swift in Sources */ = {isa = PBXBuildFile; fileRef = C7A9A230260C49CD0009438A /* ItemsService.swift */; };
		C7C1999E260FF218006FF567 /* TMDBBannerView.swift in Sources */ = {isa = PBXBuildFile; fileRef = C7C1999D260FF218006FF567 /* TMDBBannerView.swift */; };
		C7C199AB260FF5A0006FF567 /* TMDBItemRateModifier.swift in Sources */ = {isa = PBXBuildFile; fileRef = C7C199AA260FF5A0006FF567 /* TMDBItemRateModifier.swift */; };
		C7C199B0260FFCFE006FF567 /* TMDBBannerViewModel.swift in Sources */ = {isa = PBXBuildFile; fileRef = C7C199AF260FFCFE006FF567 /* TMDBBannerViewModel.swift */; };
		C7C199B526100247006FF567 /* TMDBCastView.swift in Sources */ = {isa = PBXBuildFile; fileRef = C7C199B426100247006FF567 /* TMDBCastView.swift */; };
		C7C199BA26100470006FF567 /* MovieDetailView.swift in Sources */ = {isa = PBXBuildFile; fileRef = C7C199B926100470006FF567 /* MovieDetailView.swift */; };
		C7C199C026100B23006FF567 /* MovieDetailViewController.swift in Sources */ = {isa = PBXBuildFile; fileRef = C7C199BF26100B23006FF567 /* MovieDetailViewController.swift */; };
		C7D11CBE262BA07C00B27371 /* MyRatingsViewController.swift in Sources */ = {isa = PBXBuildFile; fileRef = C7D11CBD262BA07C00B27371 /* MyRatingsViewController.swift */; };
		C7E9AD542611645F00DAF606 /* ItemDetailService.swift in Sources */ = {isa = PBXBuildFile; fileRef = C7E9AD532611645F00DAF606 /* ItemDetailService.swift */; };
		C7E9AD5F2611653900DAF606 /* MovieDetail.swift in Sources */ = {isa = PBXBuildFile; fileRef = C7E9AD5E2611653900DAF606 /* MovieDetail.swift */; };
		C7E9AD66261165C100DAF606 /* Genre.swift in Sources */ = {isa = PBXBuildFile; fileRef = C7E9AD65261165C100DAF606 /* Genre.swift */; };
		C7F1BA7D26216103007316E9 /* ItemListView.swift in Sources */ = {isa = PBXBuildFile; fileRef = C7F1BA7C26216103007316E9 /* ItemListView.swift */; };
		C7F1BA8226216360007316E9 /* ItemListViewModel.swift in Sources */ = {isa = PBXBuildFile; fileRef = C7F1BA8126216360007316E9 /* ItemListViewModel.swift */; };
		C7F1BA9726216D11007316E9 /* MyFavoritesViewController.swift in Sources */ = {isa = PBXBuildFile; fileRef = C7F1BA9626216D11007316E9 /* MyFavoritesViewController.swift */; };
/* End PBXBuildFile section */

/* Begin PBXContainerItemProxy section */
		C704138B25EDF8FC000FFC87 /* PBXContainerItemProxy */ = {
			isa = PBXContainerItemProxy;
			containerPortal = C704136C25EDF8FB000FFC87 /* Project object */;
			proxyType = 1;
			remoteGlobalIDString = C704137325EDF8FB000FFC87;
			remoteInfo = DinoMovieDB;
		};
		C704139625EDF8FD000FFC87 /* PBXContainerItemProxy */ = {
			isa = PBXContainerItemProxy;
			containerPortal = C704136C25EDF8FB000FFC87 /* Project object */;
			proxyType = 1;
			remoteGlobalIDString = C704137325EDF8FB000FFC87;
			remoteInfo = DinoMovieDB;
		};
/* End PBXContainerItemProxy section */

/* Begin PBXFileReference section */
		C704137425EDF8FB000FFC87 /* DinoMovieDB.app */ = {isa = PBXFileReference; explicitFileType = wrapper.application; includeInIndex = 0; path = DinoMovieDB.app; sourceTree = BUILT_PRODUCTS_DIR; };
		C704137725EDF8FB000FFC87 /* AppDelegate.swift */ = {isa = PBXFileReference; lastKnownFileType = sourcecode.swift; path = AppDelegate.swift; sourceTree = "<group>"; };
		C704137925EDF8FB000FFC87 /* SceneDelegate.swift */ = {isa = PBXFileReference; lastKnownFileType = sourcecode.swift; path = SceneDelegate.swift; sourceTree = "<group>"; };
		C704137D25EDF8FC000FFC87 /* Assets.xcassets */ = {isa = PBXFileReference; lastKnownFileType = folder.assetcatalog; path = Assets.xcassets; sourceTree = "<group>"; };
		C704138025EDF8FC000FFC87 /* Preview Assets.xcassets */ = {isa = PBXFileReference; lastKnownFileType = folder.assetcatalog; path = "Preview Assets.xcassets"; sourceTree = "<group>"; };
		C704138325EDF8FC000FFC87 /* Base */ = {isa = PBXFileReference; lastKnownFileType = file.storyboard; name = Base; path = Base.lproj/LaunchScreen.storyboard; sourceTree = "<group>"; };
		C704138525EDF8FC000FFC87 /* Info.plist */ = {isa = PBXFileReference; lastKnownFileType = text.plist.xml; path = Info.plist; sourceTree = "<group>"; };
		C704138A25EDF8FC000FFC87 /* DinoMovieDBTests.xctest */ = {isa = PBXFileReference; explicitFileType = wrapper.cfbundle; includeInIndex = 0; path = DinoMovieDBTests.xctest; sourceTree = BUILT_PRODUCTS_DIR; };
		C704138E25EDF8FC000FFC87 /* DinoMovieDBTests.swift */ = {isa = PBXFileReference; lastKnownFileType = sourcecode.swift; path = DinoMovieDBTests.swift; sourceTree = "<group>"; };
		C704139025EDF8FC000FFC87 /* Info.plist */ = {isa = PBXFileReference; lastKnownFileType = text.plist.xml; path = Info.plist; sourceTree = "<group>"; };
		C704139525EDF8FD000FFC87 /* DinoMovieDBUITests.xctest */ = {isa = PBXFileReference; explicitFileType = wrapper.cfbundle; includeInIndex = 0; path = DinoMovieDBUITests.xctest; sourceTree = BUILT_PRODUCTS_DIR; };
		C704139925EDF8FD000FFC87 /* DinoMovieDBUITests.swift */ = {isa = PBXFileReference; lastKnownFileType = sourcecode.swift; path = DinoMovieDBUITests.swift; sourceTree = "<group>"; };
		C704139B25EDF8FD000FFC87 /* Info.plist */ = {isa = PBXFileReference; lastKnownFileType = text.plist.xml; path = Info.plist; sourceTree = "<group>"; };
		C70413B225EDFC3C000FFC87 /* ColorAssets.xcassets */ = {isa = PBXFileReference; lastKnownFileType = folder.assetcatalog; path = ColorAssets.xcassets; sourceTree = "<group>"; };
		C707A98226194DC9009B063F /* TVShowDetailView.swift */ = {isa = PBXFileReference; lastKnownFileType = sourcecode.swift; path = TVShowDetailView.swift; sourceTree = "<group>"; };
		C707A987261950FC009B063F /* TMDBSeasonView.swift */ = {isa = PBXFileReference; lastKnownFileType = sourcecode.swift; path = TMDBSeasonView.swift; sourceTree = "<group>"; };
		C707A98C26195D7D009B063F /* ShowDetail.swift */ = {isa = PBXFileReference; lastKnownFileType = sourcecode.swift; path = ShowDetail.swift; sourceTree = "<group>"; };
		C707A99D261960BD009B063F /* TVShowDetailViewModel.swift */ = {isa = PBXFileReference; lastKnownFileType = sourcecode.swift; path = TVShowDetailViewModel.swift; sourceTree = "<group>"; };
		C707A9A626196514009B063F /* TVShowDetailViewController.swift */ = {isa = PBXFileReference; lastKnownFileType = sourcecode.swift; path = TVShowDetailViewController.swift; sourceTree = "<group>"; };
		C707A9AE26197044009B063F /* ShowRateViewController.swift */ = {isa = PBXFileReference; lastKnownFileType = sourcecode.swift; path = ShowRateViewController.swift; sourceTree = "<group>"; };
		C70D34672612D9EE007B4C05 /* TMDBTimeFormatter.swift */ = {isa = PBXFileReference; lastKnownFileType = sourcecode.swift; path = TMDBTimeFormatter.swift; sourceTree = "<group>"; };
		C70D34752612E931007B4C05 /* TMDBMediaType.swift */ = {isa = PBXFileReference; lastKnownFileType = sourcecode.swift; path = TMDBMediaType.swift; sourceTree = "<group>"; };
		C70D34832612ECCB007B4C05 /* TMDBStarRateView.swift */ = {isa = PBXFileReference; lastKnownFileType = sourcecode.swift; path = TMDBStarRateView.swift; sourceTree = "<group>"; };
		C70D34882612F1E6007B4C05 /* TMDBDoneAlertView.swift */ = {isa = PBXFileReference; lastKnownFileType = sourcecode.swift; path = TMDBDoneAlertView.swift; sourceTree = "<group>"; };
		C70D348D2612F3E7007B4C05 /* RateItemView.swift */ = {isa = PBXFileReference; lastKnownFileType = sourcecode.swift; path = RateItemView.swift; sourceTree = "<group>"; };
		C70D34922612F50B007B4C05 /* MovieRateViewController.swift */ = {isa = PBXFileReference; lastKnownFileType = sourcecode.swift; path = MovieRateViewController.swift; sourceTree = "<group>"; };
		C713A5F12605C1E30030E961 /* ProfileView.swift */ = {isa = PBXFileReference; lastKnownFileType = sourcecode.swift; path = ProfileView.swift; sourceTree = "<group>"; };
		C713A5F62605C5F60030E961 /* ProfileViewController.swift */ = {isa = PBXFileReference; lastKnownFileType = sourcecode.swift; path = ProfileViewController.swift; sourceTree = "<group>"; };
		C717A13425F9CD30006915D5 /* UIAlertController+Extensions.swift */ = {isa = PBXFileReference; lastKnownFileType = sourcecode.swift; path = "UIAlertController+Extensions.swift"; sourceTree = "<group>"; };
		C717A13925F9D26B006915D5 /* Publisher+Extension.swift */ = {isa = PBXFileReference; lastKnownFileType = sourcecode.swift; path = "Publisher+Extension.swift"; sourceTree = "<group>"; };
		C717A14825F9D976006915D5 /* PaginationManager.swift */ = {isa = PBXFileReference; lastKnownFileType = sourcecode.swift; path = PaginationManager.swift; sourceTree = "<group>"; };
		C718184D25F345D00039FCDF /* TMDBTokens.swift */ = {isa = PBXFileReference; lastKnownFileType = sourcecode.swift; path = TMDBTokens.swift; sourceTree = "<group>"; };
		C718185325F3477D0039FCDF /* ActivityIndicator.swift */ = {isa = PBXFileReference; lastKnownFileType = sourcecode.swift; path = ActivityIndicator.swift; sourceTree = "<group>"; };
		C718185B25F348840039FCDF /* TMDBActivityIndicatorModifier.swift */ = {isa = PBXFileReference; lastKnownFileType = sourcecode.swift; path = TMDBActivityIndicatorModifier.swift; sourceTree = "<group>"; };
		C718186425F352C20039FCDF /* TMDBError.swift */ = {isa = PBXFileReference; lastKnownFileType = sourcecode.swift; path = TMDBError.swift; sourceTree = "<group>"; };
		C726CAC72605BE7600AC8E76 /* AnyStorage.swift */ = {isa = PBXFileReference; lastKnownFileType = sourcecode.swift; path = AnyStorage.swift; sourceTree = "<group>"; };
		C726CACC2605BF9000AC8E76 /* Storable.swift */ = {isa = PBXFileReference; lastKnownFileType = sourcecode.swift; path = Storable.swift; sourceTree = "<group>"; };
		C727D98A2625666C0074B7EC /* SearchViewControllerType.swift */ = {isa = PBXFileReference; lastKnownFileType = sourcecode.swift; path = SearchViewControllerType.swift; sourceTree = "<group>"; };
		C72DF295262A9EF800C419B9 /* SortType.swift */ = {isa = PBXFileReference; lastKnownFileType = sourcecode.swift; path = SortType.swift; sourceTree = "<group>"; };
		C7317DD5261ED7240082D195 /* TMDBChevronModifier.swift */ = {isa = PBXFileReference; lastKnownFileType = sourcecode.swift; path = TMDBChevronModifier.swift; sourceTree = "<group>"; };
		C7317DDA261ED7F70082D195 /* TMDBProfileOptionView.swift */ = {isa = PBXFileReference; lastKnownFileType = sourcecode.swift; path = TMDBProfileOptionView.swift; sourceTree = "<group>"; };
		C7347A02262B520200C52B14 /* AccountItemsViewController.swift */ = {isa = PBXFileReference; lastKnownFileType = sourcecode.swift; path = AccountItemsViewController.swift; sourceTree = "<group>"; };
		C7347A07262B5F0600C52B14 /* MyWatchlistViewController.swift */ = {isa = PBXFileReference; lastKnownFileType = sourcecode.swift; path = MyWatchlistViewController.swift; sourceTree = "<group>"; };
		C73C814B26099C2900DB8887 /* AccountTarget.swift */ = {isa = PBXFileReference; lastKnownFileType = sourcecode.swift; path = AccountTarget.swift; sourceTree = "<group>"; };
		C73C81542609A0B800DB8887 /* Avatar.swift */ = {isa = PBXFileReference; lastKnownFileType = sourcecode.swift; path = Avatar.swift; sourceTree = "<group>"; };
		C73C815C2609A1F000DB8887 /* MyAccount.swift */ = {isa = PBXFileReference; lastKnownFileType = sourcecode.swift; path = MyAccount.swift; sourceTree = "<group>"; };
		C73C81612609A25100DB8887 /* AccountService.swift */ = {isa = PBXFileReference; lastKnownFileType = sourcecode.swift; path = AccountService.swift; sourceTree = "<group>"; };
		C73C81662609A59500DB8887 /* ProfileViewModel.swift */ = {isa = PBXFileReference; lastKnownFileType = sourcecode.swift; path = ProfileViewModel.swift; sourceTree = "<group>"; };
		C743C240261583C600B9B743 /* RateMovieViewModel.swift */ = {isa = PBXFileReference; lastKnownFileType = sourcecode.swift; path = RateMovieViewModel.swift; sourceTree = "<group>"; };
		C74FBB5625FD82D8004D9D68 /* Date+Extensions.swift */ = {isa = PBXFileReference; lastKnownFileType = sourcecode.swift; path = "Date+Extensions.swift"; sourceTree = "<group>"; };
		C75FA49726116746005C238E /* MovieCredits.swift */ = {isa = PBXFileReference; lastKnownFileType = sourcecode.swift; path = MovieCredits.swift; sourceTree = "<group>"; };
		C75FA4A22611692D005C238E /* MovieDetailViewModel.swift */ = {isa = PBXFileReference; lastKnownFileType = sourcecode.swift; path = MovieDetailViewModel.swift; sourceTree = "<group>"; };
		C76794D4260EFFE100B96E10 /* NetworkManager.swift */ = {isa = PBXFileReference; lastKnownFileType = sourcecode.swift; path = NetworkManager.swift; sourceTree = "<group>"; };
		C775ABB925F35CB2002D39D8 /* HomeViewController.swift */ = {isa = PBXFileReference; lastKnownFileType = sourcecode.swift; path = HomeViewController.swift; sourceTree = "<group>"; };
		C775ABBE25F35DCB002D39D8 /* MovieListViewController.swift */ = {isa = PBXFileReference; lastKnownFileType = sourcecode.swift; path = MovieListViewController.swift; sourceTree = "<group>"; };
		C775ABC325F35ECB002D39D8 /* ItemDetail.swift */ = {isa = PBXFileReference; lastKnownFileType = sourcecode.swift; path = ItemDetail.swift; sourceTree = "<group>"; };
		C775ABC825F35F91002D39D8 /* ItemDetailViewModel.swift */ = {isa = PBXFileReference; lastKnownFileType = sourcecode.swift; path = ItemDetailViewModel.swift; sourceTree = "<group>"; };
		C77C8B7A25F093E800961122 /* TMDBTextField.swift */ = {isa = PBXFileReference; lastKnownFileType = sourcecode.swift; path = TMDBTextField.swift; sourceTree = "<group>"; };
		C77C8B8025F0967600961122 /* TMDBPlaceholderModifier.swift */ = {isa = PBXFileReference; lastKnownFileType = sourcecode.swift; path = TMDBPlaceholderModifier.swift; sourceTree = "<group>"; };
		C77C8B8E25F0983D00961122 /* TMDBButtonStyle.swift */ = {isa = PBXFileReference; lastKnownFileType = sourcecode.swift; path = TMDBButtonStyle.swift; sourceTree = "<group>"; };
		C77C8B9625F0999100961122 /* LoginView.swift */ = {isa = PBXFileReference; lastKnownFileType = sourcecode.swift; path = LoginView.swift; sourceTree = "<group>"; };
		C77C8BC125F0A3BF00961122 /* MoyaRequester.swift */ = {isa = PBXFileReference; lastKnownFileType = sourcecode.swift; path = MoyaRequester.swift; sourceTree = "<group>"; };
		C77C8BD325F0AC0300961122 /* AuthenticationTarget.swift */ = {isa = PBXFileReference; lastKnownFileType = sourcecode.swift; path = AuthenticationTarget.swift; sourceTree = "<group>"; };
		C77C8BDB25F0AC1400961122 /* TMDBTargetType.swift */ = {isa = PBXFileReference; lastKnownFileType = sourcecode.swift; path = TMDBTargetType.swift; sourceTree = "<group>"; };
		C77C8BE125F0ACBE00961122 /* TMDBConfiguration.swift */ = {isa = PBXFileReference; lastKnownFileType = sourcecode.swift; path = TMDBConfiguration.swift; sourceTree = "<group>"; };
		C77C8BEE25F0AEFF00961122 /* AuthenticationService.swift */ = {isa = PBXFileReference; lastKnownFileType = sourcecode.swift; path = AuthenticationService.swift; sourceTree = "<group>"; };
		C77C8BFC25F0B25600961122 /* LoginViewController.swift */ = {isa = PBXFileReference; lastKnownFileType = sourcecode.swift; path = LoginViewController.swift; sourceTree = "<group>"; };
		C77C8C0425F0B27400961122 /* UIViewController+Extensions.swift */ = {isa = PBXFileReference; lastKnownFileType = sourcecode.swift; path = "UIViewController+Extensions.swift"; sourceTree = "<group>"; };
		C77C8C1925F0B6E200961122 /* LoginViewModel.swift */ = {isa = PBXFileReference; lastKnownFileType = sourcecode.swift; path = LoginViewModel.swift; sourceTree = "<group>"; };
		C78DA7D325F881A2009DCE37 /* R.generated.swift */ = {isa = PBXFileReference; fileEncoding = 4; lastKnownFileType = sourcecode.swift; path = R.generated.swift; sourceTree = "<group>"; };
		C78DA7F625F88597009DCE37 /* en */ = {isa = PBXFileReference; lastKnownFileType = text.plist.strings; name = en; path = en.lproj/Localization.strings; sourceTree = "<group>"; };
		C78DA7FB25F885A6009DCE37 /* es-419 */ = {isa = PBXFileReference; lastKnownFileType = text.plist.strings; name = "es-419"; path = "es-419.lproj/LaunchScreen.strings"; sourceTree = "<group>"; };
		C78DA7FC25F885A6009DCE37 /* es-419 */ = {isa = PBXFileReference; lastKnownFileType = text.plist.strings; name = "es-419"; path = "es-419.lproj/Localization.strings"; sourceTree = "<group>"; };
		C78DA80325F8893A009DCE37 /* MoviesTarget.swift */ = {isa = PBXFileReference; lastKnownFileType = sourcecode.swift; path = MoviesTarget.swift; sourceTree = "<group>"; };
		C78DA80925F88C1C009DCE37 /* MoviePreview.swift */ = {isa = PBXFileReference; lastKnownFileType = sourcecode.swift; path = MoviePreview.swift; sourceTree = "<group>"; };
		C78DA81125F88CF5009DCE37 /* APIResponse.swift */ = {isa = PBXFileReference; lastKnownFileType = sourcecode.swift; path = APIResponse.swift; sourceTree = "<group>"; };
		C78DA81625F88DEA009DCE37 /* MoviesService.swift */ = {isa = PBXFileReference; lastKnownFileType = sourcecode.swift; path = MoviesService.swift; sourceTree = "<group>"; };
		C7A4D8AA25F5B86A00284AD8 /* TMDBMainCoordinator.swift */ = {isa = PBXFileReference; lastKnownFileType = sourcecode.swift; path = TMDBMainCoordinator.swift; sourceTree = "<group>"; };
		C7A4D8B025F5B9EF00284AD8 /* TMDBWindow.swift */ = {isa = PBXFileReference; lastKnownFileType = sourcecode.swift; path = TMDBWindow.swift; sourceTree = "<group>"; };
		C7A4D8B825F5BB0800284AD8 /* UIWindow+Extensions.swift */ = {isa = PBXFileReference; lastKnownFileType = sourcecode.swift; path = "UIWindow+Extensions.swift"; sourceTree = "<group>"; };
		C7A4D8C025F5BCAE00284AD8 /* NotificationCenter+Extensions.swift */ = {isa = PBXFileReference; lastKnownFileType = sourcecode.swift; path = "NotificationCenter+Extensions.swift"; sourceTree = "<group>"; };
		C7A7E38C25F9E8CE0066A7D9 /* TVShowPreview.swift */ = {isa = PBXFileReference; lastKnownFileType = sourcecode.swift; path = TVShowPreview.swift; sourceTree = "<group>"; };
		C7A7E39125F9E9C20066A7D9 /* TVShowsTarget.swift */ = {isa = PBXFileReference; lastKnownFileType = sourcecode.swift; path = TVShowsTarget.swift; sourceTree = "<group>"; };
		C7A7E39625F9EA290066A7D9 /* TVShowsService.swift */ = {isa = PBXFileReference; lastKnownFileType = sourcecode.swift; path = TVShowsService.swift; sourceTree = "<group>"; };
		C7A7E3A525F9EB630066A7D9 /* TVShowsListViewController.swift */ = {isa = PBXFileReference; lastKnownFileType = sourcecode.swift; path = TVShowsListViewController.swift; sourceTree = "<group>"; };
		C7A7E3AA25F9EE6E0066A7D9 /* Collection+Extensions.swift */ = {isa = PBXFileReference; lastKnownFileType = sourcecode.swift; path = "Collection+Extensions.swift"; sourceTree = "<group>"; };
		C7A9A226260C44680009438A /* AccountState.swift */ = {isa = PBXFileReference; lastKnownFileType = sourcecode.swift; path = AccountState.swift; sourceTree = "<group>"; };
		C7A9A22B260C48AD0009438A /* JSONEncoder+Extension.swift */ = {isa = PBXFileReference; lastKnownFileType = sourcecode.swift; path = "JSONEncoder+Extension.swift"; sourceTree = "<group>"; };
		C7A9A230260C49CD0009438A /* ItemsService.swift */ = {isa = PBXFileReference; lastKnownFileType = sourcecode.swift; path = ItemsService.swift; sourceTree = "<group>"; };
		C7C1999D260FF218006FF567 /* TMDBBannerView.swift */ = {isa = PBXFileReference; lastKnownFileType = sourcecode.swift; path = TMDBBannerView.swift; sourceTree = "<group>"; };
		C7C199AA260FF5A0006FF567 /* TMDBItemRateModifier.swift */ = {isa = PBXFileReference; lastKnownFileType = sourcecode.swift; path = TMDBItemRateModifier.swift; sourceTree = "<group>"; };
		C7C199AF260FFCFE006FF567 /* TMDBBannerViewModel.swift */ = {isa = PBXFileReference; lastKnownFileType = sourcecode.swift; path = TMDBBannerViewModel.swift; sourceTree = "<group>"; };
		C7C199B426100247006FF567 /* TMDBCastView.swift */ = {isa = PBXFileReference; lastKnownFileType = sourcecode.swift; path = TMDBCastView.swift; sourceTree = "<group>"; };
		C7C199B926100470006FF567 /* MovieDetailView.swift */ = {isa = PBXFileReference; lastKnownFileType = sourcecode.swift; path = MovieDetailView.swift; sourceTree = "<group>"; };
		C7C199BF26100B23006FF567 /* MovieDetailViewController.swift */ = {isa = PBXFileReference; lastKnownFileType = sourcecode.swift; path = MovieDetailViewController.swift; sourceTree = "<group>"; };
		C7D11CBD262BA07C00B27371 /* MyRatingsViewController.swift */ = {isa = PBXFileReference; lastKnownFileType = sourcecode.swift; path = MyRatingsViewController.swift; sourceTree = "<group>"; };
		C7E9AD532611645F00DAF606 /* ItemDetailService.swift */ = {isa = PBXFileReference; lastKnownFileType = sourcecode.swift; path = ItemDetailService.swift; sourceTree = "<group>"; };
		C7E9AD5E2611653900DAF606 /* MovieDetail.swift */ = {isa = PBXFileReference; lastKnownFileType = sourcecode.swift; path = MovieDetail.swift; sourceTree = "<group>"; };
		C7E9AD65261165C100DAF606 /* Genre.swift */ = {isa = PBXFileReference; lastKnownFileType = sourcecode.swift; path = Genre.swift; sourceTree = "<group>"; };
		C7F1BA7C26216103007316E9 /* ItemListView.swift */ = {isa = PBXFileReference; lastKnownFileType = sourcecode.swift; path = ItemListView.swift; sourceTree = "<group>"; };
		C7F1BA8126216360007316E9 /* ItemListViewModel.swift */ = {isa = PBXFileReference; lastKnownFileType = sourcecode.swift; path = ItemListViewModel.swift; sourceTree = "<group>"; };
		C7F1BA9626216D11007316E9 /* MyFavoritesViewController.swift */ = {isa = PBXFileReference; lastKnownFileType = sourcecode.swift; path = MyFavoritesViewController.swift; sourceTree = "<group>"; };
/* End PBXFileReference section */

/* Begin PBXFrameworksBuildPhase section */
		C704137125EDF8FB000FFC87 /* Frameworks */ = {
			isa = PBXFrameworksBuildPhase;
			buildActionMask = 2147483647;
			files = (
				C775ABCF25F36546002D39D8 /* Kingfisher in Frameworks */,
				C78DA7B325F87F0C009DCE37 /* Rswift in Frameworks */,
				C713A5ED2605C15A0030E961 /* KeychainSwift in Frameworks */,
				C77C8BB525F0A2C000961122 /* Moya in Frameworks */,
				C77C8C0E25F0B33C00961122 /* TinyConstraints in Frameworks */,
			);
			runOnlyForDeploymentPostprocessing = 0;
		};
		C704138725EDF8FC000FFC87 /* Frameworks */ = {
			isa = PBXFrameworksBuildPhase;
			buildActionMask = 2147483647;
			files = (
			);
			runOnlyForDeploymentPostprocessing = 0;
		};
		C704139225EDF8FD000FFC87 /* Frameworks */ = {
			isa = PBXFrameworksBuildPhase;
			buildActionMask = 2147483647;
			files = (
			);
			runOnlyForDeploymentPostprocessing = 0;
		};
/* End PBXFrameworksBuildPhase section */

/* Begin PBXGroup section */
		C704136B25EDF8FB000FFC87 = {
			isa = PBXGroup;
			children = (
				C704137625EDF8FB000FFC87 /* DinoMovieDB */,
				C78DA7D325F881A2009DCE37 /* R.generated.swift */,
				C704138D25EDF8FC000FFC87 /* DinoMovieDBTests */,
				C704139825EDF8FD000FFC87 /* DinoMovieDBUITests */,
				C704137525EDF8FB000FFC87 /* Products */,
			);
			sourceTree = "<group>";
		};
		C704137525EDF8FB000FFC87 /* Products */ = {
			isa = PBXGroup;
			children = (
				C704137425EDF8FB000FFC87 /* DinoMovieDB.app */,
				C704138A25EDF8FC000FFC87 /* DinoMovieDBTests.xctest */,
				C704139525EDF8FD000FFC87 /* DinoMovieDBUITests.xctest */,
			);
			name = Products;
			sourceTree = "<group>";
		};
		C704137625EDF8FB000FFC87 /* DinoMovieDB */ = {
			isa = PBXGroup;
			children = (
				C70413AD25EDFB3D000FFC87 /* SupportingFiles */,
				C77C8BE025F0ACAF00961122 /* Configuration */,
				C70413B125EDFB9F000FFC87 /* Sources */,
				C704138525EDF8FC000FFC87 /* Info.plist */,
				C704137F25EDF8FC000FFC87 /* Preview Content */,
			);
			path = DinoMovieDB;
			sourceTree = "<group>";
		};
		C704137F25EDF8FC000FFC87 /* Preview Content */ = {
			isa = PBXGroup;
			children = (
				C704138025EDF8FC000FFC87 /* Preview Assets.xcassets */,
			);
			path = "Preview Content";
			sourceTree = "<group>";
		};
		C704138D25EDF8FC000FFC87 /* DinoMovieDBTests */ = {
			isa = PBXGroup;
			children = (
				C704138E25EDF8FC000FFC87 /* DinoMovieDBTests.swift */,
				C704139025EDF8FC000FFC87 /* Info.plist */,
			);
			path = DinoMovieDBTests;
			sourceTree = "<group>";
		};
		C704139825EDF8FD000FFC87 /* DinoMovieDBUITests */ = {
			isa = PBXGroup;
			children = (
				C704139925EDF8FD000FFC87 /* DinoMovieDBUITests.swift */,
				C704139B25EDF8FD000FFC87 /* Info.plist */,
			);
			path = DinoMovieDBUITests;
			sourceTree = "<group>";
		};
		C70413AD25EDFB3D000FFC87 /* SupportingFiles */ = {
			isa = PBXGroup;
			children = (
				C704137725EDF8FB000FFC87 /* AppDelegate.swift */,
				C704137925EDF8FB000FFC87 /* SceneDelegate.swift */,
				C704137D25EDF8FC000FFC87 /* Assets.xcassets */,
				C70413B225EDFC3C000FFC87 /* ColorAssets.xcassets */,
				C704138225EDF8FC000FFC87 /* LaunchScreen.storyboard */,
				C78DA7F725F88597009DCE37 /* Localization.strings */,
			);
			path = SupportingFiles;
			sourceTree = "<group>";
		};
		C70413B125EDFB9F000FFC87 /* Sources */ = {
			isa = PBXGroup;
			children = (
				C77C8B1D25F08B7C00961122 /* Extensions */,
				C77C8BC925F0AADE00961122 /* Models */,
				C77C8BE925F0AED000961122 /* Services */,
				C77C8BB925F0A31600961122 /* Managers */,
				C70D34662612D9D8007B4C05 /* Formatter */,
				C7A4D8A925F5B85800284AD8 /* Coordinators */,
				C77C8BFA25F0B24500961122 /* Modules */,
				C77C8B6B25F0935300961122 /* Presentation */,
			);
			path = Sources;
			sourceTree = "<group>";
		};
		C707A9A5261964FD009B063F /* TVShows */ = {
			isa = PBXGroup;
			children = (
				C707A9A626196514009B063F /* TVShowDetailViewController.swift */,
				C707A9AE26197044009B063F /* ShowRateViewController.swift */,
			);
			path = TVShows;
			sourceTree = "<group>";
		};
		C70D34662612D9D8007B4C05 /* Formatter */ = {
			isa = PBXGroup;
			children = (
				C70D34672612D9EE007B4C05 /* TMDBTimeFormatter.swift */,
			);
			path = Formatter;
			sourceTree = "<group>";
		};
		C717A14725F9D968006915D5 /* PaginationManager */ = {
			isa = PBXGroup;
			children = (
				C717A14825F9D976006915D5 /* PaginationManager.swift */,
			);
			path = PaginationManager;
			sourceTree = "<group>";
		};
		C718185225F3474D0039FCDF /* Representables */ = {
			isa = PBXGroup;
			children = (
				C718185325F3477D0039FCDF /* ActivityIndicator.swift */,
			);
			path = Representables;
			sourceTree = "<group>";
		};
		C718186325F352B40039FCDF /* Errors */ = {
			isa = PBXGroup;
			children = (
				C718186425F352C20039FCDF /* TMDBError.swift */,
			);
			path = Errors;
			sourceTree = "<group>";
		};
		C726CAC62605BE6600AC8E76 /* Storable */ = {
			isa = PBXGroup;
			children = (
				C726CAC72605BE7600AC8E76 /* AnyStorage.swift */,
				C726CACC2605BF9000AC8E76 /* Storable.swift */,
			);
			path = Storable;
			sourceTree = "<group>";
		};
		C727D9892625665B0074B7EC /* Subclasses */ = {
			isa = PBXGroup;
			children = (
				C727D98A2625666C0074B7EC /* SearchViewControllerType.swift */,
				C7347A02262B520200C52B14 /* AccountItemsViewController.swift */,
			);
			path = Subclasses;
			sourceTree = "<group>";
		};
		C73C81532609A0A100DB8887 /* Account */ = {
			isa = PBXGroup;
			children = (
				C73C81542609A0B800DB8887 /* Avatar.swift */,
				C73C815C2609A1F000DB8887 /* MyAccount.swift */,
				C7A9A226260C44680009438A /* AccountState.swift */,
			);
			path = Account;
			sourceTree = "<group>";
		};
		C76794CD260EFFC200B96E10 /* Providers */ = {
			isa = PBXGroup;
			children = (
				C77C8BC125F0A3BF00961122 /* MoyaRequester.swift */,
			);
			path = Providers;
			sourceTree = "<group>";
		};
		C775ABB825F35CA0002D39D8 /* Home */ = {
			isa = PBXGroup;
			children = (
				C775ABB925F35CB2002D39D8 /* HomeViewController.swift */,
				C775ABBE25F35DCB002D39D8 /* MovieListViewController.swift */,
				C7A7E3A525F9EB630066A7D9 /* TVShowsListViewController.swift */,
				C713A5F62605C5F60030E961 /* ProfileViewController.swift */,
			);
			path = Home;
			sourceTree = "<group>";
		};
		C77C8B1D25F08B7C00961122 /* Extensions */ = {
			isa = PBXGroup;
			children = (
				C77C8C0425F0B27400961122 /* UIViewController+Extensions.swift */,
				C7A4D8B825F5BB0800284AD8 /* UIWindow+Extensions.swift */,
				C7A4D8C025F5BCAE00284AD8 /* NotificationCenter+Extensions.swift */,
				C717A13425F9CD30006915D5 /* UIAlertController+Extensions.swift */,
				C717A13925F9D26B006915D5 /* Publisher+Extension.swift */,
				C7A7E3AA25F9EE6E0066A7D9 /* Collection+Extensions.swift */,
				C74FBB5625FD82D8004D9D68 /* Date+Extensions.swift */,
				C7A9A22B260C48AD0009438A /* JSONEncoder+Extension.swift */,
			);
			path = Extensions;
			sourceTree = "<group>";
		};
		C77C8B6B25F0935300961122 /* Presentation */ = {
			isa = PBXGroup;
			children = (
				C77C8C1825F0B6B900961122 /* ViewModels */,
				C77C8B6D25F0936600961122 /* CustomViews */,
				C77C8B6C25F0936200961122 /* Views */,
			);
			path = Presentation;
			sourceTree = "<group>";
		};
		C77C8B6C25F0936200961122 /* Views */ = {
			isa = PBXGroup;
			children = (
				C77C8B9625F0999100961122 /* LoginView.swift */,
				C713A5F12605C1E30030E961 /* ProfileView.swift */,
				C7C199B926100470006FF567 /* MovieDetailView.swift */,
				C70D348D2612F3E7007B4C05 /* RateItemView.swift */,
				C707A98226194DC9009B063F /* TVShowDetailView.swift */,
				C7F1BA7C26216103007316E9 /* ItemListView.swift */,
			);
			path = Views;
			sourceTree = "<group>";
		};
		C77C8B6D25F0936600961122 /* CustomViews */ = {
			isa = PBXGroup;
			children = (
				C77C8B8D25F0982700961122 /* SwiftUIStyles */,
				C77C8B7F25F0963B00961122 /* Modifiers */,
				C77C8B6E25F0936B00961122 /* SwiftUIViews */,
				C7A4D8AF25F5B9E000284AD8 /* UIKitViews */,
			);
			path = CustomViews;
			sourceTree = "<group>";
		};
		C77C8B6E25F0936B00961122 /* SwiftUIViews */ = {
			isa = PBXGroup;
			children = (
				C718185225F3474D0039FCDF /* Representables */,
				C77C8B7A25F093E800961122 /* TMDBTextField.swift */,
				C775ABC325F35ECB002D39D8 /* ItemDetail.swift */,
				C7C1999D260FF218006FF567 /* TMDBBannerView.swift */,
				C7C199B426100247006FF567 /* TMDBCastView.swift */,
				C70D34832612ECCB007B4C05 /* TMDBStarRateView.swift */,
				C70D34882612F1E6007B4C05 /* TMDBDoneAlertView.swift */,
				C707A987261950FC009B063F /* TMDBSeasonView.swift */,
				C7317DDA261ED7F70082D195 /* TMDBProfileOptionView.swift */,
			);
			path = SwiftUIViews;
			sourceTree = "<group>";
		};
		C77C8B7F25F0963B00961122 /* Modifiers */ = {
			isa = PBXGroup;
			children = (
				C77C8B8025F0967600961122 /* TMDBPlaceholderModifier.swift */,
				C718185B25F348840039FCDF /* TMDBActivityIndicatorModifier.swift */,
				C7C199AA260FF5A0006FF567 /* TMDBItemRateModifier.swift */,
				C7317DD5261ED7240082D195 /* TMDBChevronModifier.swift */,
			);
			path = Modifiers;
			sourceTree = "<group>";
		};
		C77C8B8D25F0982700961122 /* SwiftUIStyles */ = {
			isa = PBXGroup;
			children = (
				C77C8B8E25F0983D00961122 /* TMDBButtonStyle.swift */,
			);
			path = SwiftUIStyles;
			sourceTree = "<group>";
		};
		C77C8BB925F0A31600961122 /* Managers */ = {
			isa = PBXGroup;
			children = (
				C726CAC62605BE6600AC8E76 /* Storable */,
				C717A14725F9D968006915D5 /* PaginationManager */,
				C77C8BBA25F0A31B00961122 /* NetworkManager */,
			);
			path = Managers;
			sourceTree = "<group>";
		};
		C77C8BBA25F0A31B00961122 /* NetworkManager */ = {
			isa = PBXGroup;
			children = (
				C76794CD260EFFC200B96E10 /* Providers */,
				C77C8BC025F0A3B300961122 /* Targets */,
				C76794D4260EFFE100B96E10 /* NetworkManager.swift */,
			);
			path = NetworkManager;
			sourceTree = "<group>";
		};
		C77C8BC025F0A3B300961122 /* Targets */ = {
			isa = PBXGroup;
			children = (
				C77C8BDB25F0AC1400961122 /* TMDBTargetType.swift */,
				C77C8BD325F0AC0300961122 /* AuthenticationTarget.swift */,
				C78DA80325F8893A009DCE37 /* MoviesTarget.swift */,
				C7A7E39125F9E9C20066A7D9 /* TVShowsTarget.swift */,
				C73C814B26099C2900DB8887 /* AccountTarget.swift */,
			);
			path = Targets;
			sourceTree = "<group>";
		};
		C77C8BC925F0AADE00961122 /* Models */ = {
			isa = PBXGroup;
			children = (
				C7E9AD642611659F00DAF606 /* Genrers */,
				C7E9AD632611658E00DAF606 /* TVShows */,
				C73C81532609A0A100DB8887 /* Account */,
				C78DA80825F88C0C009DCE37 /* Movies */,
				C718186325F352B40039FCDF /* Errors */,
				C77C8BCA25F0AAE600961122 /* APIModels */,
			);
			path = Models;
			sourceTree = "<group>";
		};
		C77C8BCA25F0AAE600961122 /* APIModels */ = {
			isa = PBXGroup;
			children = (
				C718184D25F345D00039FCDF /* TMDBTokens.swift */,
				C78DA81125F88CF5009DCE37 /* APIResponse.swift */,
				C70D34752612E931007B4C05 /* TMDBMediaType.swift */,
			);
			path = APIModels;
			sourceTree = "<group>";
		};
		C77C8BE025F0ACAF00961122 /* Configuration */ = {
			isa = PBXGroup;
			children = (
				C77C8BE125F0ACBE00961122 /* TMDBConfiguration.swift */,
			);
			path = Configuration;
			sourceTree = "<group>";
		};
		C77C8BE925F0AED000961122 /* Services */ = {
			isa = PBXGroup;
			children = (
				C77C8BEE25F0AEFF00961122 /* AuthenticationService.swift */,
				C78DA81625F88DEA009DCE37 /* MoviesService.swift */,
				C7A7E39625F9EA290066A7D9 /* TVShowsService.swift */,
				C73C81612609A25100DB8887 /* AccountService.swift */,
				C7A9A230260C49CD0009438A /* ItemsService.swift */,
				C7E9AD532611645F00DAF606 /* ItemDetailService.swift */,
			);
			path = Services;
			sourceTree = "<group>";
		};
		C77C8BFA25F0B24500961122 /* Modules */ = {
			isa = PBXGroup;
			children = (
				C727D9892625665B0074B7EC /* Subclasses */,
				C7F1BA9526216CE7007316E9 /* Profile */,
				C707A9A5261964FD009B063F /* TVShows */,
				C7C199BE26100B13006FF567 /* Movies */,
				C775ABB825F35CA0002D39D8 /* Home */,
				C77C8BFB25F0B24C00961122 /* Login */,
			);
			path = Modules;
			sourceTree = "<group>";
		};
		C77C8BFB25F0B24C00961122 /* Login */ = {
			isa = PBXGroup;
			children = (
				C77C8BFC25F0B25600961122 /* LoginViewController.swift */,
			);
			path = Login;
			sourceTree = "<group>";
		};
		C77C8C1825F0B6B900961122 /* ViewModels */ = {
			isa = PBXGroup;
			children = (
				C77C8C1925F0B6E200961122 /* LoginViewModel.swift */,
				C775ABC825F35F91002D39D8 /* ItemDetailViewModel.swift */,
				C73C81662609A59500DB8887 /* ProfileViewModel.swift */,
				C7C199AF260FFCFE006FF567 /* TMDBBannerViewModel.swift */,
				C75FA4A22611692D005C238E /* MovieDetailViewModel.swift */,
				C743C240261583C600B9B743 /* RateMovieViewModel.swift */,
				C707A99D261960BD009B063F /* TVShowDetailViewModel.swift */,
				C7F1BA8126216360007316E9 /* ItemListViewModel.swift */,
			);
			path = ViewModels;
			sourceTree = "<group>";
		};
		C78DA80825F88C0C009DCE37 /* Movies */ = {
			isa = PBXGroup;
			children = (
				C78DA80925F88C1C009DCE37 /* MoviePreview.swift */,
				C7E9AD5E2611653900DAF606 /* MovieDetail.swift */,
				C75FA49726116746005C238E /* MovieCredits.swift */,
				C72DF295262A9EF800C419B9 /* SortType.swift */,
			);
			path = Movies;
			sourceTree = "<group>";
		};
		C7A4D8A925F5B85800284AD8 /* Coordinators */ = {
			isa = PBXGroup;
			children = (
				C7A4D8AA25F5B86A00284AD8 /* TMDBMainCoordinator.swift */,
			);
			path = Coordinators;
			sourceTree = "<group>";
		};
		C7A4D8AF25F5B9E000284AD8 /* UIKitViews */ = {
			isa = PBXGroup;
			children = (
				C7A4D8B025F5B9EF00284AD8 /* TMDBWindow.swift */,
			);
			path = UIKitViews;
			sourceTree = "<group>";
		};
		C7C199BE26100B13006FF567 /* Movies */ = {
			isa = PBXGroup;
			children = (
				C7C199BF26100B23006FF567 /* MovieDetailViewController.swift */,
				C70D34922612F50B007B4C05 /* MovieRateViewController.swift */,
			);
			path = Movies;
			sourceTree = "<group>";
		};
		C7E9AD632611658E00DAF606 /* TVShows */ = {
			isa = PBXGroup;
			children = (
				C7A7E38C25F9E8CE0066A7D9 /* TVShowPreview.swift */,
				C707A98C26195D7D009B063F /* ShowDetail.swift */,
			);
			path = TVShows;
			sourceTree = "<group>";
		};
		C7E9AD642611659F00DAF606 /* Genrers */ = {
			isa = PBXGroup;
			children = (
				C7E9AD65261165C100DAF606 /* Genre.swift */,
			);
			path = Genrers;
			sourceTree = "<group>";
		};
		C7F1BA9526216CE7007316E9 /* Profile */ = {
			isa = PBXGroup;
			children = (
				C7F1BA9626216D11007316E9 /* MyFavoritesViewController.swift */,
				C7347A07262B5F0600C52B14 /* MyWatchlistViewController.swift */,
				C7D11CBD262BA07C00B27371 /* MyRatingsViewController.swift */,
			);
			path = Profile;
			sourceTree = "<group>";
		};
/* End PBXGroup section */

/* Begin PBXNativeTarget section */
		C704137325EDF8FB000FFC87 /* DinoMovieDB */ = {
			isa = PBXNativeTarget;
			buildConfigurationList = C704139E25EDF8FD000FFC87 /* Build configuration list for PBXNativeTarget "DinoMovieDB" */;
			buildPhases = (
				C78DA7B725F87F1A009DCE37 /* R.Swift */,
				C704137025EDF8FB000FFC87 /* Sources */,
				C704137125EDF8FB000FFC87 /* Frameworks */,
				C704137225EDF8FB000FFC87 /* Resources */,
			);
			buildRules = (
			);
			dependencies = (
			);
			name = DinoMovieDB;
			packageProductDependencies = (
				C77C8BB425F0A2C000961122 /* Moya */,
				C77C8C0D25F0B33C00961122 /* TinyConstraints */,
				C775ABCE25F36546002D39D8 /* Kingfisher */,
				C78DA7B225F87F0C009DCE37 /* Rswift */,
				C713A5EC2605C15A0030E961 /* KeychainSwift */,
			);
			productName = DinoMovieDB;
			productReference = C704137425EDF8FB000FFC87 /* DinoMovieDB.app */;
			productType = "com.apple.product-type.application";
		};
		C704138925EDF8FC000FFC87 /* DinoMovieDBTests */ = {
			isa = PBXNativeTarget;
			buildConfigurationList = C70413A125EDF8FD000FFC87 /* Build configuration list for PBXNativeTarget "DinoMovieDBTests" */;
			buildPhases = (
				C704138625EDF8FC000FFC87 /* Sources */,
				C704138725EDF8FC000FFC87 /* Frameworks */,
				C704138825EDF8FC000FFC87 /* Resources */,
			);
			buildRules = (
			);
			dependencies = (
				C704138C25EDF8FC000FFC87 /* PBXTargetDependency */,
			);
			name = DinoMovieDBTests;
			productName = DinoMovieDBTests;
			productReference = C704138A25EDF8FC000FFC87 /* DinoMovieDBTests.xctest */;
			productType = "com.apple.product-type.bundle.unit-test";
		};
		C704139425EDF8FD000FFC87 /* DinoMovieDBUITests */ = {
			isa = PBXNativeTarget;
			buildConfigurationList = C70413A425EDF8FD000FFC87 /* Build configuration list for PBXNativeTarget "DinoMovieDBUITests" */;
			buildPhases = (
				C704139125EDF8FD000FFC87 /* Sources */,
				C704139225EDF8FD000FFC87 /* Frameworks */,
				C704139325EDF8FD000FFC87 /* Resources */,
			);
			buildRules = (
			);
			dependencies = (
				C704139725EDF8FD000FFC87 /* PBXTargetDependency */,
			);
			name = DinoMovieDBUITests;
			productName = DinoMovieDBUITests;
			productReference = C704139525EDF8FD000FFC87 /* DinoMovieDBUITests.xctest */;
			productType = "com.apple.product-type.bundle.ui-testing";
		};
/* End PBXNativeTarget section */

/* Begin PBXProject section */
		C704136C25EDF8FB000FFC87 /* Project object */ = {
			isa = PBXProject;
			attributes = {
				LastSwiftUpdateCheck = 1220;
				LastUpgradeCheck = 1220;
				TargetAttributes = {
					C704137325EDF8FB000FFC87 = {
						CreatedOnToolsVersion = 12.2;
					};
					C704138925EDF8FC000FFC87 = {
						CreatedOnToolsVersion = 12.2;
						TestTargetID = C704137325EDF8FB000FFC87;
					};
					C704139425EDF8FD000FFC87 = {
						CreatedOnToolsVersion = 12.2;
						TestTargetID = C704137325EDF8FB000FFC87;
					};
				};
			};
			buildConfigurationList = C704136F25EDF8FB000FFC87 /* Build configuration list for PBXProject "DinoMovieDB" */;
			compatibilityVersion = "Xcode 9.3";
			developmentRegion = en;
			hasScannedForEncodings = 0;
			knownRegions = (
				en,
				Base,
				"es-419",
			);
			mainGroup = C704136B25EDF8FB000FFC87;
			packageReferences = (
				C77C8BB325F0A2C000961122 /* XCRemoteSwiftPackageReference "Moya" */,
				C77C8C0C25F0B33C00961122 /* XCRemoteSwiftPackageReference "TinyConstraints" */,
				C775ABCD25F36546002D39D8 /* XCRemoteSwiftPackageReference "Kingfisher" */,
				C78DA7B125F87F0C009DCE37 /* XCRemoteSwiftPackageReference "R.swift" */,
				C713A5EB2605C15A0030E961 /* XCRemoteSwiftPackageReference "keychain-swift" */,
			);
			productRefGroup = C704137525EDF8FB000FFC87 /* Products */;
			projectDirPath = "";
			projectRoot = "";
			targets = (
				C704137325EDF8FB000FFC87 /* DinoMovieDB */,
				C704138925EDF8FC000FFC87 /* DinoMovieDBTests */,
				C704139425EDF8FD000FFC87 /* DinoMovieDBUITests */,
			);
		};
/* End PBXProject section */

/* Begin PBXResourcesBuildPhase section */
		C704137225EDF8FB000FFC87 /* Resources */ = {
			isa = PBXResourcesBuildPhase;
			buildActionMask = 2147483647;
			files = (
				C704138425EDF8FC000FFC87 /* LaunchScreen.storyboard in Resources */,
				C704138125EDF8FC000FFC87 /* Preview Assets.xcassets in Resources */,
				C78DA7F525F88597009DCE37 /* Localization.strings in Resources */,
				C70413B325EDFC3C000FFC87 /* ColorAssets.xcassets in Resources */,
				C704137E25EDF8FC000FFC87 /* Assets.xcassets in Resources */,
			);
			runOnlyForDeploymentPostprocessing = 0;
		};
		C704138825EDF8FC000FFC87 /* Resources */ = {
			isa = PBXResourcesBuildPhase;
			buildActionMask = 2147483647;
			files = (
			);
			runOnlyForDeploymentPostprocessing = 0;
		};
		C704139325EDF8FD000FFC87 /* Resources */ = {
			isa = PBXResourcesBuildPhase;
			buildActionMask = 2147483647;
			files = (
			);
			runOnlyForDeploymentPostprocessing = 0;
		};
/* End PBXResourcesBuildPhase section */

/* Begin PBXShellScriptBuildPhase section */
		C78DA7B725F87F1A009DCE37 /* R.Swift */ = {
			isa = PBXShellScriptBuildPhase;
			buildActionMask = 2147483647;
			files = (
			);
			inputFileListPaths = (
			);
			inputPaths = (
				"$TEMP_DIR/rswift-lastrun",
			);
			name = R.Swift;
			outputFileListPaths = (
			);
			outputPaths = (
				$SRCROOT/R.generated.swift,
			);
			runOnlyForDeploymentPostprocessing = 0;
			shellPath = /bin/sh;
			shellScript = "# Type a script or drag a script file from your workspace to insert its path.\nif !(brew ls rswift > /dev/null); then\n    brew install rswift\nfi\nrswift generate \"$SRCROOT/R.generated.swift\"\n";
		};
/* End PBXShellScriptBuildPhase section */

/* Begin PBXSourcesBuildPhase section */
		C704137025EDF8FB000FFC87 /* Sources */ = {
			isa = PBXSourcesBuildPhase;
			buildActionMask = 2147483647;
			files = (
				C76794D5260EFFE100B96E10 /* NetworkManager.swift in Sources */,
				C7C199AB260FF5A0006FF567 /* TMDBItemRateModifier.swift in Sources */,
				C7C199BA26100470006FF567 /* MovieDetailView.swift in Sources */,
				C7E9AD66261165C100DAF606 /* Genre.swift in Sources */,
				C77C8B8125F0967600961122 /* TMDBPlaceholderModifier.swift in Sources */,
				C707A98326194DC9009B063F /* TVShowDetailView.swift in Sources */,
				C707A988261950FC009B063F /* TMDBSeasonView.swift in Sources */,
				C718185425F3477D0039FCDF /* ActivityIndicator.swift in Sources */,
				C70D348E2612F3E7007B4C05 /* RateItemView.swift in Sources */,
				C77C8B8F25F0983D00961122 /* TMDBButtonStyle.swift in Sources */,
				C727D98B2625666C0074B7EC /* SearchViewControllerType.swift in Sources */,
				C713A5F22605C1E30030E961 /* ProfileView.swift in Sources */,
				C7A7E39225F9E9C20066A7D9 /* TVShowsTarget.swift in Sources */,
				C713A5F72605C5F60030E961 /* ProfileViewController.swift in Sources */,
				C77C8BFD25F0B25600961122 /* LoginViewController.swift in Sources */,
				C78DA81225F88CF5009DCE37 /* APIResponse.swift in Sources */,
				C7C199B526100247006FF567 /* TMDBCastView.swift in Sources */,
				C7347A03262B520200C52B14 /* AccountItemsViewController.swift in Sources */,
				C77C8B9725F0999100961122 /* LoginView.swift in Sources */,
				C7A7E38D25F9E8CE0066A7D9 /* TVShowPreview.swift in Sources */,
				C70D34842612ECCB007B4C05 /* TMDBStarRateView.swift in Sources */,
				C717A14925F9D976006915D5 /* PaginationManager.swift in Sources */,
				C7A7E3A625F9EB630066A7D9 /* TVShowsListViewController.swift in Sources */,
				C73C81672609A59500DB8887 /* ProfileViewModel.swift in Sources */,
				C7347A08262B5F0600C52B14 /* MyWatchlistViewController.swift in Sources */,
				C775ABBA25F35CB2002D39D8 /* HomeViewController.swift in Sources */,
				C77C8BD425F0AC0300961122 /* AuthenticationTarget.swift in Sources */,
				C7A4D8C125F5BCAE00284AD8 /* NotificationCenter+Extensions.swift in Sources */,
				C70D34682612D9EE007B4C05 /* TMDBTimeFormatter.swift in Sources */,
				C726CACD2605BF9000AC8E76 /* Storable.swift in Sources */,
				C7E9AD542611645F00DAF606 /* ItemDetailService.swift in Sources */,
				C704137825EDF8FB000FFC87 /* AppDelegate.swift in Sources */,
				C707A98D26195D7D009B063F /* ShowDetail.swift in Sources */,
				C72DF296262A9EF800C419B9 /* SortType.swift in Sources */,
				C707A9A726196514009B063F /* TVShowDetailViewController.swift in Sources */,
				C75FA49826116746005C238E /* MovieCredits.swift in Sources */,
				C7A7E39725F9EA290066A7D9 /* TVShowsService.swift in Sources */,
				C707A99E261960BD009B063F /* TVShowDetailViewModel.swift in Sources */,
				C70D34932612F50B007B4C05 /* MovieRateViewController.swift in Sources */,
				C7C199C026100B23006FF567 /* MovieDetailViewController.swift in Sources */,
				C743C241261583C600B9B743 /* RateMovieViewModel.swift in Sources */,
				C707A9AF26197044009B063F /* ShowRateViewController.swift in Sources */,
				C718184E25F345D00039FCDF /* TMDBTokens.swift in Sources */,
				C77C8BEF25F0AEFF00961122 /* AuthenticationService.swift in Sources */,
				C718186525F352C20039FCDF /* TMDBError.swift in Sources */,
				C78DA81725F88DEA009DCE37 /* MoviesService.swift in Sources */,
				C73C815D2609A1F000DB8887 /* MyAccount.swift in Sources */,
				C7317DDB261ED7F70082D195 /* TMDBProfileOptionView.swift in Sources */,
				C775ABC425F35ECB002D39D8 /* ItemDetail.swift in Sources */,
				C7C199B0260FFCFE006FF567 /* TMDBBannerViewModel.swift in Sources */,
				C77C8BE225F0ACBE00961122 /* TMDBConfiguration.swift in Sources */,
				C726CAC82605BE7600AC8E76 /* AnyStorage.swift in Sources */,
				C78DA80A25F88C1C009DCE37 /* MoviePreview.swift in Sources */,
				C73C81622609A25100DB8887 /* AccountService.swift in Sources */,
				C7A7E3AB25F9EE6E0066A7D9 /* Collection+Extensions.swift in Sources */,
				C7A9A231260C49CD0009438A /* ItemsService.swift in Sources */,
				C77C8C1A25F0B6E200961122 /* LoginViewModel.swift in Sources */,
				C7F1BA7D26216103007316E9 /* ItemListView.swift in Sources */,
				C775ABC925F35F91002D39D8 /* ItemDetailViewModel.swift in Sources */,
				C7F1BA8226216360007316E9 /* ItemListViewModel.swift in Sources */,
				C78DA80425F8893A009DCE37 /* MoviesTarget.swift in Sources */,
				C7A4D8B125F5B9EF00284AD8 /* TMDBWindow.swift in Sources */,
				C77C8B7B25F093E800961122 /* TMDBTextField.swift in Sources */,
				C70D34892612F1E6007B4C05 /* TMDBDoneAlertView.swift in Sources */,
				C7D11CBE262BA07C00B27371 /* MyRatingsViewController.swift in Sources */,
				C75FA4A32611692D005C238E /* MovieDetailViewModel.swift in Sources */,
				C704137A25EDF8FB000FFC87 /* SceneDelegate.swift in Sources */,
				C7E9AD5F2611653900DAF606 /* MovieDetail.swift in Sources */,
				C717A13525F9CD30006915D5 /* UIAlertController+Extensions.swift in Sources */,
				C73C814C26099C2900DB8887 /* AccountTarget.swift in Sources */,
				C73C81552609A0B800DB8887 /* Avatar.swift in Sources */,
				C7A4D8B925F5BB0800284AD8 /* UIWindow+Extensions.swift in Sources */,
				C77C8C0525F0B27400961122 /* UIViewController+Extensions.swift in Sources */,
				C70D34762612E931007B4C05 /* TMDBMediaType.swift in Sources */,
				C77C8BC225F0A3BF00961122 /* MoyaRequester.swift in Sources */,
				C7C1999E260FF218006FF567 /* TMDBBannerView.swift in Sources */,
				C77C8BDC25F0AC1400961122 /* TMDBTargetType.swift in Sources */,
				C7F1BA9726216D11007316E9 /* MyFavoritesViewController.swift in Sources */,
				C74FBB5725FD82D8004D9D68 /* Date+Extensions.swift in Sources */,
				C775ABBF25F35DCB002D39D8 /* MovieListViewController.swift in Sources */,
				C78DA7D425F881A2009DCE37 /* R.generated.swift in Sources */,
				C7A9A227260C44680009438A /* AccountState.swift in Sources */,
				C7A4D8AB25F5B86A00284AD8 /* TMDBMainCoordinator.swift in Sources */,
				C7A9A22C260C48AD0009438A /* JSONEncoder+Extension.swift in Sources */,
				C717A13A25F9D26B006915D5 /* Publisher+Extension.swift in Sources */,
				C718185C25F348840039FCDF /* TMDBActivityIndicatorModifier.swift in Sources */,
				C7317DD6261ED7240082D195 /* TMDBChevronModifier.swift in Sources */,
			);
			runOnlyForDeploymentPostprocessing = 0;
		};
		C704138625EDF8FC000FFC87 /* Sources */ = {
			isa = PBXSourcesBuildPhase;
			buildActionMask = 2147483647;
			files = (
				C704138F25EDF8FC000FFC87 /* DinoMovieDBTests.swift in Sources */,
			);
			runOnlyForDeploymentPostprocessing = 0;
		};
		C704139125EDF8FD000FFC87 /* Sources */ = {
			isa = PBXSourcesBuildPhase;
			buildActionMask = 2147483647;
			files = (
				C704139A25EDF8FD000FFC87 /* DinoMovieDBUITests.swift in Sources */,
			);
			runOnlyForDeploymentPostprocessing = 0;
		};
/* End PBXSourcesBuildPhase section */

/* Begin PBXTargetDependency section */
		C704138C25EDF8FC000FFC87 /* PBXTargetDependency */ = {
			isa = PBXTargetDependency;
			target = C704137325EDF8FB000FFC87 /* DinoMovieDB */;
			targetProxy = C704138B25EDF8FC000FFC87 /* PBXContainerItemProxy */;
		};
		C704139725EDF8FD000FFC87 /* PBXTargetDependency */ = {
			isa = PBXTargetDependency;
			target = C704137325EDF8FB000FFC87 /* DinoMovieDB */;
			targetProxy = C704139625EDF8FD000FFC87 /* PBXContainerItemProxy */;
		};
/* End PBXTargetDependency section */

/* Begin PBXVariantGroup section */
		C704138225EDF8FC000FFC87 /* LaunchScreen.storyboard */ = {
			isa = PBXVariantGroup;
			children = (
				C704138325EDF8FC000FFC87 /* Base */,
				C78DA7FB25F885A6009DCE37 /* es-419 */,
			);
			name = LaunchScreen.storyboard;
			sourceTree = "<group>";
		};
		C78DA7F725F88597009DCE37 /* Localization.strings */ = {
			isa = PBXVariantGroup;
			children = (
				C78DA7F625F88597009DCE37 /* en */,
				C78DA7FC25F885A6009DCE37 /* es-419 */,
			);
			name = Localization.strings;
			sourceTree = "<group>";
		};
/* End PBXVariantGroup section */

/* Begin XCBuildConfiguration section */
		C704139C25EDF8FD000FFC87 /* Debug */ = {
			isa = XCBuildConfiguration;
			buildSettings = {
				ALWAYS_SEARCH_USER_PATHS = NO;
				CLANG_ANALYZER_LOCALIZABILITY_NONLOCALIZED = YES;
				CLANG_ANALYZER_NONNULL = YES;
				CLANG_ANALYZER_NUMBER_OBJECT_CONVERSION = YES_AGGRESSIVE;
				CLANG_CXX_LANGUAGE_STANDARD = "gnu++14";
				CLANG_CXX_LIBRARY = "libc++";
				CLANG_ENABLE_MODULES = YES;
				CLANG_ENABLE_OBJC_ARC = YES;
				CLANG_ENABLE_OBJC_WEAK = YES;
				CLANG_WARN_BLOCK_CAPTURE_AUTORELEASING = YES;
				CLANG_WARN_BOOL_CONVERSION = YES;
				CLANG_WARN_COMMA = YES;
				CLANG_WARN_CONSTANT_CONVERSION = YES;
				CLANG_WARN_DEPRECATED_OBJC_IMPLEMENTATIONS = YES;
				CLANG_WARN_DIRECT_OBJC_ISA_USAGE = YES_ERROR;
				CLANG_WARN_DOCUMENTATION_COMMENTS = YES;
				CLANG_WARN_EMPTY_BODY = YES;
				CLANG_WARN_ENUM_CONVERSION = YES;
				CLANG_WARN_INFINITE_RECURSION = YES;
				CLANG_WARN_INT_CONVERSION = YES;
				CLANG_WARN_NON_LITERAL_NULL_CONVERSION = YES;
				CLANG_WARN_OBJC_IMPLICIT_RETAIN_SELF = YES;
				CLANG_WARN_OBJC_LITERAL_CONVERSION = YES;
				CLANG_WARN_OBJC_ROOT_CLASS = YES_ERROR;
				CLANG_WARN_QUOTED_INCLUDE_IN_FRAMEWORK_HEADER = YES;
				CLANG_WARN_RANGE_LOOP_ANALYSIS = YES;
				CLANG_WARN_STRICT_PROTOTYPES = YES;
				CLANG_WARN_SUSPICIOUS_MOVE = YES;
				CLANG_WARN_UNGUARDED_AVAILABILITY = YES_AGGRESSIVE;
				CLANG_WARN_UNREACHABLE_CODE = YES;
				CLANG_WARN__DUPLICATE_METHOD_MATCH = YES;
				COPY_PHASE_STRIP = NO;
				DEBUG_INFORMATION_FORMAT = dwarf;
				ENABLE_STRICT_OBJC_MSGSEND = YES;
				ENABLE_TESTABILITY = YES;
				GCC_C_LANGUAGE_STANDARD = gnu11;
				GCC_DYNAMIC_NO_PIC = NO;
				GCC_NO_COMMON_BLOCKS = YES;
				GCC_OPTIMIZATION_LEVEL = 0;
				GCC_PREPROCESSOR_DEFINITIONS = (
					"DEBUG=1",
					"$(inherited)",
				);
				GCC_WARN_64_TO_32_BIT_CONVERSION = YES;
				GCC_WARN_ABOUT_RETURN_TYPE = YES_ERROR;
				GCC_WARN_UNDECLARED_SELECTOR = YES;
				GCC_WARN_UNINITIALIZED_AUTOS = YES_AGGRESSIVE;
				GCC_WARN_UNUSED_FUNCTION = YES;
				GCC_WARN_UNUSED_VARIABLE = YES;
				IPHONEOS_DEPLOYMENT_TARGET = 14.2;
				MTL_ENABLE_DEBUG_INFO = INCLUDE_SOURCE;
				MTL_FAST_MATH = YES;
				ONLY_ACTIVE_ARCH = YES;
				SDKROOT = iphoneos;
				SWIFT_ACTIVE_COMPILATION_CONDITIONS = DEBUG;
				SWIFT_OPTIMIZATION_LEVEL = "-Onone";
			};
			name = Debug;
		};
		C704139D25EDF8FD000FFC87 /* Release */ = {
			isa = XCBuildConfiguration;
			buildSettings = {
				ALWAYS_SEARCH_USER_PATHS = NO;
				CLANG_ANALYZER_LOCALIZABILITY_NONLOCALIZED = YES;
				CLANG_ANALYZER_NONNULL = YES;
				CLANG_ANALYZER_NUMBER_OBJECT_CONVERSION = YES_AGGRESSIVE;
				CLANG_CXX_LANGUAGE_STANDARD = "gnu++14";
				CLANG_CXX_LIBRARY = "libc++";
				CLANG_ENABLE_MODULES = YES;
				CLANG_ENABLE_OBJC_ARC = YES;
				CLANG_ENABLE_OBJC_WEAK = YES;
				CLANG_WARN_BLOCK_CAPTURE_AUTORELEASING = YES;
				CLANG_WARN_BOOL_CONVERSION = YES;
				CLANG_WARN_COMMA = YES;
				CLANG_WARN_CONSTANT_CONVERSION = YES;
				CLANG_WARN_DEPRECATED_OBJC_IMPLEMENTATIONS = YES;
				CLANG_WARN_DIRECT_OBJC_ISA_USAGE = YES_ERROR;
				CLANG_WARN_DOCUMENTATION_COMMENTS = YES;
				CLANG_WARN_EMPTY_BODY = YES;
				CLANG_WARN_ENUM_CONVERSION = YES;
				CLANG_WARN_INFINITE_RECURSION = YES;
				CLANG_WARN_INT_CONVERSION = YES;
				CLANG_WARN_NON_LITERAL_NULL_CONVERSION = YES;
				CLANG_WARN_OBJC_IMPLICIT_RETAIN_SELF = YES;
				CLANG_WARN_OBJC_LITERAL_CONVERSION = YES;
				CLANG_WARN_OBJC_ROOT_CLASS = YES_ERROR;
				CLANG_WARN_QUOTED_INCLUDE_IN_FRAMEWORK_HEADER = YES;
				CLANG_WARN_RANGE_LOOP_ANALYSIS = YES;
				CLANG_WARN_STRICT_PROTOTYPES = YES;
				CLANG_WARN_SUSPICIOUS_MOVE = YES;
				CLANG_WARN_UNGUARDED_AVAILABILITY = YES_AGGRESSIVE;
				CLANG_WARN_UNREACHABLE_CODE = YES;
				CLANG_WARN__DUPLICATE_METHOD_MATCH = YES;
				COPY_PHASE_STRIP = NO;
				DEBUG_INFORMATION_FORMAT = "dwarf-with-dsym";
				ENABLE_NS_ASSERTIONS = NO;
				ENABLE_STRICT_OBJC_MSGSEND = YES;
				GCC_C_LANGUAGE_STANDARD = gnu11;
				GCC_NO_COMMON_BLOCKS = YES;
				GCC_WARN_64_TO_32_BIT_CONVERSION = YES;
				GCC_WARN_ABOUT_RETURN_TYPE = YES_ERROR;
				GCC_WARN_UNDECLARED_SELECTOR = YES;
				GCC_WARN_UNINITIALIZED_AUTOS = YES_AGGRESSIVE;
				GCC_WARN_UNUSED_FUNCTION = YES;
				GCC_WARN_UNUSED_VARIABLE = YES;
				IPHONEOS_DEPLOYMENT_TARGET = 14.2;
				MTL_ENABLE_DEBUG_INFO = NO;
				MTL_FAST_MATH = YES;
				SDKROOT = iphoneos;
				SWIFT_COMPILATION_MODE = wholemodule;
				SWIFT_OPTIMIZATION_LEVEL = "-O";
				VALIDATE_PRODUCT = YES;
			};
			name = Release;
		};
		C704139F25EDF8FD000FFC87 /* Debug */ = {
			isa = XCBuildConfiguration;
			buildSettings = {
				ASSETCATALOG_COMPILER_APPICON_NAME = AppIcon;
				ASSETCATALOG_COMPILER_GLOBAL_ACCENT_COLOR_NAME = AccentColor;
				CODE_SIGN_STYLE = Automatic;
				DEVELOPMENT_ASSET_PATHS = "\"DinoMovieDB/Preview Content\"";
				DEVELOPMENT_TEAM = 8VH2B3DK6W;
				ENABLE_PREVIEWS = YES;
				INFOPLIST_FILE = DinoMovieDB/Info.plist;
				IPHONEOS_DEPLOYMENT_TARGET = 14.0;
				LD_RUNPATH_SEARCH_PATHS = (
					"$(inherited)",
					"@executable_path/Frameworks",
				);
				PRODUCT_BUNDLE_IDENTIFIER = com.vanegasdev.DinoMovieDB;
				PRODUCT_NAME = "$(TARGET_NAME)";
				SWIFT_VERSION = 5.0;
				TARGETED_DEVICE_FAMILY = 1;
			};
			name = Debug;
		};
		C70413A025EDF8FD000FFC87 /* Release */ = {
			isa = XCBuildConfiguration;
			buildSettings = {
				ASSETCATALOG_COMPILER_APPICON_NAME = AppIcon;
				ASSETCATALOG_COMPILER_GLOBAL_ACCENT_COLOR_NAME = AccentColor;
				CODE_SIGN_STYLE = Automatic;
				DEVELOPMENT_ASSET_PATHS = "\"DinoMovieDB/Preview Content\"";
				DEVELOPMENT_TEAM = 8VH2B3DK6W;
				ENABLE_PREVIEWS = YES;
				INFOPLIST_FILE = DinoMovieDB/Info.plist;
				IPHONEOS_DEPLOYMENT_TARGET = 14.0;
				LD_RUNPATH_SEARCH_PATHS = (
					"$(inherited)",
					"@executable_path/Frameworks",
				);
				PRODUCT_BUNDLE_IDENTIFIER = com.vanegasdev.DinoMovieDB;
				PRODUCT_NAME = "$(TARGET_NAME)";
				SWIFT_VERSION = 5.0;
				TARGETED_DEVICE_FAMILY = 1;
			};
			name = Release;
		};
		C70413A225EDF8FD000FFC87 /* Debug */ = {
			isa = XCBuildConfiguration;
			buildSettings = {
				ALWAYS_EMBED_SWIFT_STANDARD_LIBRARIES = YES;
				BUNDLE_LOADER = "$(TEST_HOST)";
				CODE_SIGN_STYLE = Automatic;
				DEVELOPMENT_TEAM = 8VH2B3DK6W;
				INFOPLIST_FILE = DinoMovieDBTests/Info.plist;
				IPHONEOS_DEPLOYMENT_TARGET = 14.2;
				LD_RUNPATH_SEARCH_PATHS = (
					"$(inherited)",
					"@executable_path/Frameworks",
					"@loader_path/Frameworks",
				);
				PRODUCT_BUNDLE_IDENTIFIER = com.vanegasdev.DinoMovieDBTests;
				PRODUCT_NAME = "$(TARGET_NAME)";
				SWIFT_VERSION = 5.0;
				TARGETED_DEVICE_FAMILY = "1,2";
				TEST_HOST = "$(BUILT_PRODUCTS_DIR)/DinoMovieDB.app/DinoMovieDB";
			};
			name = Debug;
		};
		C70413A325EDF8FD000FFC87 /* Release */ = {
			isa = XCBuildConfiguration;
			buildSettings = {
				ALWAYS_EMBED_SWIFT_STANDARD_LIBRARIES = YES;
				BUNDLE_LOADER = "$(TEST_HOST)";
				CODE_SIGN_STYLE = Automatic;
				DEVELOPMENT_TEAM = 8VH2B3DK6W;
				INFOPLIST_FILE = DinoMovieDBTests/Info.plist;
				IPHONEOS_DEPLOYMENT_TARGET = 14.2;
				LD_RUNPATH_SEARCH_PATHS = (
					"$(inherited)",
					"@executable_path/Frameworks",
					"@loader_path/Frameworks",
				);
				PRODUCT_BUNDLE_IDENTIFIER = com.vanegasdev.DinoMovieDBTests;
				PRODUCT_NAME = "$(TARGET_NAME)";
				SWIFT_VERSION = 5.0;
				TARGETED_DEVICE_FAMILY = "1,2";
				TEST_HOST = "$(BUILT_PRODUCTS_DIR)/DinoMovieDB.app/DinoMovieDB";
			};
			name = Release;
		};
		C70413A525EDF8FD000FFC87 /* Debug */ = {
			isa = XCBuildConfiguration;
			buildSettings = {
				ALWAYS_EMBED_SWIFT_STANDARD_LIBRARIES = YES;
				CODE_SIGN_STYLE = Automatic;
				DEVELOPMENT_TEAM = 8VH2B3DK6W;
				INFOPLIST_FILE = DinoMovieDBUITests/Info.plist;
				LD_RUNPATH_SEARCH_PATHS = (
					"$(inherited)",
					"@executable_path/Frameworks",
					"@loader_path/Frameworks",
				);
				PRODUCT_BUNDLE_IDENTIFIER = com.vanegasdev.DinoMovieDBUITests;
				PRODUCT_NAME = "$(TARGET_NAME)";
				SWIFT_VERSION = 5.0;
				TARGETED_DEVICE_FAMILY = "1,2";
				TEST_TARGET_NAME = DinoMovieDB;
			};
			name = Debug;
		};
		C70413A625EDF8FD000FFC87 /* Release */ = {
			isa = XCBuildConfiguration;
			buildSettings = {
				ALWAYS_EMBED_SWIFT_STANDARD_LIBRARIES = YES;
				CODE_SIGN_STYLE = Automatic;
				DEVELOPMENT_TEAM = 8VH2B3DK6W;
				INFOPLIST_FILE = DinoMovieDBUITests/Info.plist;
				LD_RUNPATH_SEARCH_PATHS = (
					"$(inherited)",
					"@executable_path/Frameworks",
					"@loader_path/Frameworks",
				);
				PRODUCT_BUNDLE_IDENTIFIER = com.vanegasdev.DinoMovieDBUITests;
				PRODUCT_NAME = "$(TARGET_NAME)";
				SWIFT_VERSION = 5.0;
				TARGETED_DEVICE_FAMILY = "1,2";
				TEST_TARGET_NAME = DinoMovieDB;
			};
			name = Release;
		};
/* End XCBuildConfiguration section */

/* Begin XCConfigurationList section */
		C704136F25EDF8FB000FFC87 /* Build configuration list for PBXProject "DinoMovieDB" */ = {
			isa = XCConfigurationList;
			buildConfigurations = (
				C704139C25EDF8FD000FFC87 /* Debug */,
				C704139D25EDF8FD000FFC87 /* Release */,
			);
			defaultConfigurationIsVisible = 0;
			defaultConfigurationName = Release;
		};
		C704139E25EDF8FD000FFC87 /* Build configuration list for PBXNativeTarget "DinoMovieDB" */ = {
			isa = XCConfigurationList;
			buildConfigurations = (
				C704139F25EDF8FD000FFC87 /* Debug */,
				C70413A025EDF8FD000FFC87 /* Release */,
			);
			defaultConfigurationIsVisible = 0;
			defaultConfigurationName = Release;
		};
		C70413A125EDF8FD000FFC87 /* Build configuration list for PBXNativeTarget "DinoMovieDBTests" */ = {
			isa = XCConfigurationList;
			buildConfigurations = (
				C70413A225EDF8FD000FFC87 /* Debug */,
				C70413A325EDF8FD000FFC87 /* Release */,
			);
			defaultConfigurationIsVisible = 0;
			defaultConfigurationName = Release;
		};
		C70413A425EDF8FD000FFC87 /* Build configuration list for PBXNativeTarget "DinoMovieDBUITests" */ = {
			isa = XCConfigurationList;
			buildConfigurations = (
				C70413A525EDF8FD000FFC87 /* Debug */,
				C70413A625EDF8FD000FFC87 /* Release */,
			);
			defaultConfigurationIsVisible = 0;
			defaultConfigurationName = Release;
		};
/* End XCConfigurationList section */

/* Begin XCRemoteSwiftPackageReference section */
		C713A5EB2605C15A0030E961 /* XCRemoteSwiftPackageReference "keychain-swift" */ = {
			isa = XCRemoteSwiftPackageReference;
			repositoryURL = "https://github.com/evgenyneu/keychain-swift.git";
			requirement = {
				kind = upToNextMajorVersion;
				minimumVersion = 19.0.0;
			};
		};
		C775ABCD25F36546002D39D8 /* XCRemoteSwiftPackageReference "Kingfisher" */ = {
			isa = XCRemoteSwiftPackageReference;
			repositoryURL = "https://github.com/onevcat/Kingfisher.git";
			requirement = {
				kind = upToNextMajorVersion;
				minimumVersion = 6.1.1;
			};
		};
		C77C8BB325F0A2C000961122 /* XCRemoteSwiftPackageReference "Moya" */ = {
			isa = XCRemoteSwiftPackageReference;
			repositoryURL = "https://github.com/Moya/Moya.git";
			requirement = {
				kind = upToNextMajorVersion;
				minimumVersion = 14.0.1;
			};
		};
		C77C8C0C25F0B33C00961122 /* XCRemoteSwiftPackageReference "TinyConstraints" */ = {
			isa = XCRemoteSwiftPackageReference;
			repositoryURL = "https://github.com/roberthein/TinyConstraints.git";
			requirement = {
				kind = upToNextMajorVersion;
				minimumVersion = 4.0.1;
			};
		};
		C78DA7B125F87F0C009DCE37 /* XCRemoteSwiftPackageReference "R.swift" */ = {
			isa = XCRemoteSwiftPackageReference;
			repositoryURL = "https://github.com/mac-cain13/R.swift.Library";
			requirement = {
				kind = upToNextMajorVersion;
				minimumVersion = 5.4.0;
			};
		};
/* End XCRemoteSwiftPackageReference section */

/* Begin XCSwiftPackageProductDependency section */
		C713A5EC2605C15A0030E961 /* KeychainSwift */ = {
			isa = XCSwiftPackageProductDependency;
			package = C713A5EB2605C15A0030E961 /* XCRemoteSwiftPackageReference "keychain-swift" */;
			productName = KeychainSwift;
		};
		C775ABCE25F36546002D39D8 /* Kingfisher */ = {
			isa = XCSwiftPackageProductDependency;
			package = C775ABCD25F36546002D39D8 /* XCRemoteSwiftPackageReference "Kingfisher" */;
			productName = Kingfisher;
		};
		C77C8BB425F0A2C000961122 /* Moya */ = {
			isa = XCSwiftPackageProductDependency;
			package = C77C8BB325F0A2C000961122 /* XCRemoteSwiftPackageReference "Moya" */;
			productName = Moya;
		};
		C77C8C0D25F0B33C00961122 /* TinyConstraints */ = {
			isa = XCSwiftPackageProductDependency;
			package = C77C8C0C25F0B33C00961122 /* XCRemoteSwiftPackageReference "TinyConstraints" */;
			productName = TinyConstraints;
		};
		C78DA7B225F87F0C009DCE37 /* Rswift */ = {
			isa = XCSwiftPackageProductDependency;
			package = C78DA7B125F87F0C009DCE37 /* XCRemoteSwiftPackageReference "R.swift" */;
			productName = Rswift;
		};
/* End XCSwiftPackageProductDependency section */
	};
	rootObject = C704136C25EDF8FB000FFC87 /* Project object */;
}
